// !$*UTF8*$!
{
	archiveVersion = 1;
	classes = {
	};
	objectVersion = 46;
	objects = {
		C5171D07DE897E1563245201 = {
			isa = PBXBuildFile;
			fileRef = 710D4DAAD5DBA79ABD547783;
		};
		0289CF3EE0D7603182DEE826 = {
			isa = PBXBuildFile;
			fileRef = D1D11039AFE3981CF788C152;
		};
		AEFA2BC088940005131B1F66 = {
			isa = PBXBuildFile;
			fileRef = 8EDA2926BEB74434701F64F5;
		};
		7E95366A270B58124A99D041 = {
			isa = PBXBuildFile;
			fileRef = BE025D36D86101613EF20519;
		};
		68DBCD6B1F18B2F7ACD5A8D6 = {
			isa = PBXBuildFile;
			fileRef = E6470CE75A904DFD0FC4D1FE;
		};
		287DC58441A7C449258BD449 = {
			isa = PBXBuildFile;
			fileRef = 9C9FCB8FCA600A74FDB039B0;
		};
		5E477AEFA92E820129DF17DF = {
			isa = PBXBuildFile;
			fileRef = D7019D57E7B82AAF81B68F14;
		};
		DE8BD294F07C92D0DA14F4C0 = {
			isa = PBXBuildFile;
			fileRef = 5D2DE7C32FA69B2E49883953;
		};
		E0EFDD89007A7260C9686AEA = {
			isa = PBXBuildFile;
			fileRef = 6C46052615F95316212638A6;
		};
		42FC3CB0C67BD93C9DDAFFF1 = {
			isa = PBXBuildFile;
			fileRef = 2BF8FD2C5ED135183D6CFA4E;
		};
		B823C058C82906CAE40B134C = {
			isa = PBXBuildFile;
			fileRef = 63FDBDC6A80C6D0335CF38FA;
		};
		F7A0B1A596890D481BA4B091 = {
			isa = PBXBuildFile;
			fileRef = 8837D3AD19A335596E8EC3B3;
		};
		E403818352E7F8961D659BB4 = {
			isa = PBXBuildFile;
			fileRef = 27737B9FA2021C4563CBBB48;
		};
		508ABABA25E7F785450C35C1 = {
			isa = PBXBuildFile;
			fileRef = 5A8E96AC0B4635C5B18E397C;
		};
		D875C8B8EFB4F9B938CC26A2 = {
			isa = PBXBuildFile;
			fileRef = 16B6881E797044965259CA6A;
		};
		A1622E7594BD99A1DAD0CB8B = {
			isa = PBXBuildFile;
			fileRef = 72D7D46A7CD1A1E5EF7A6012;
		};
		13A9F6D5667317D1C7482E0B = {
			isa = PBXBuildFile;
			fileRef = 6A310F026E0B4D29D2164835;
		};
		6657DE555833038B2A49A3D1 = {
			isa = PBXBuildFile;
			fileRef = C9634FAF5D6285EBC2B05E78;
		};
		6439065F33E2E57B5FCDABC3 = {
			isa = PBXBuildFile;
			fileRef = B565B58C6CA85050E0362B50;
		};
		6DA4393BED9FFA388EF4D93F = {
			isa = PBXBuildFile;
			fileRef = EA7FB74A8A8284345299E3E2;
		};
		83A94E3EA1C7CFCA14A179B4 = {
			isa = PBXBuildFile;
			fileRef = 744058C2C09CCCEC3625865D;
		};
		AB39284378E2C5343782D26D = {
			isa = PBXBuildFile;
			fileRef = A705420AA0268BE8F49CD4F2;
		};
		9424AB510B8B8FDD79695A73 = {
			isa = PBXBuildFile;
			fileRef = 0135632CBEC89CF589DDBB21;
		};
		7C289CEA64C50B9CDCCD303B = {
			isa = PBXBuildFile;
			fileRef = DE37050B8E5D5DA2DBBC941A;
		};
		BF38C9E7D236BE670CDE626D = {
			isa = PBXBuildFile;
			fileRef = 61141A3DA7DB881BA8530935;
		};
		8D7F0B3862053B15F62DFF34 = {
			isa = PBXBuildFile;
			fileRef = 7585F5DD2EE93F05D45DB0FF;
		};
		1E5AF46E21570254F1C950ED = {
			isa = PBXBuildFile;
			fileRef = 0B54794824602F842601962F;
		};
		7DF787D2719254EE687866EA = {
			isa = PBXBuildFile;
			fileRef = EE761BC50936135BEFA01DD4;
		};
		8A439B17F16DA99DDF1F3C4C = {
			isa = PBXBuildFile;
			fileRef = CF71A8D53565671682688877;
		};
		CE4617A71C3A03E063B90E91 = {
			isa = PBXBuildFile;
			fileRef = 9D8E3051ED54DD64722F0BB0;
		};
		7AC85EEC8425FD06DACAEB13 = {
			isa = PBXBuildFile;
			fileRef = D8942C00E0D096CEE963A245;
		};
		4D97F6992E861810A99409BB = {
			isa = PBXBuildFile;
			fileRef = B8E1DCE323E5372CE398AEDC;
		};
		5C9FEEE3B55C6F38BED6405D = {
			isa = PBXBuildFile;
			fileRef = 6C27C8F35C6052EA179CE224;
		};
		028FBA780286C00ECE140192 = {
			isa = PBXBuildFile;
			fileRef = 48B82B3DA482E2C95AC11D77;
		};
		C829DDB6575F477A38FD1B50 = {
			isa = PBXBuildFile;
			fileRef = 1F79E67BE08EEA870A132696;
		};
		C11099E488A66FD81A32AB42 = {
			isa = PBXBuildFile;
			fileRef = 92703A4BF463DF66319F42B8;
		};
		70460085A48C159701EA0E40 = {
			isa = PBXBuildFile;
			fileRef = F716E74D69F594CC7D391CD2;
		};
		CF2E4B847FAFA0103CC9734B = {
			isa = PBXBuildFile;
			fileRef = 747469B8CC038B922BCC439B;
		};
		CE4BB28F770A9C91F08A7C9E = {
			isa = PBXBuildFile;
			fileRef = 0701A621324BDDB91A42E71E;
		};
		084C0E3ACAEEDDF42CB9ABB7 = {
			isa = PBXBuildFile;
			fileRef = 13D534AA86015A9D74E34C02;
		};
		0135632CBEC89CF589DDBB21 = {
			isa = PBXFileReference;
			lastKnownFileType = sourcecode.cpp.objcpp;
			name = "include_juce_audio_formats.mm";
			path = "../../JuceLibraryCode/include_juce_audio_formats.mm";
			sourceTree = "SOURCE_ROOT";
		};
		05CA91810FE6AE0349C83CA3 = {
			isa = PBXFileReference;
			lastKnownFileType = file;
			name = "juce_graphics";
			path = "/Applications/JUCE/modules/juce_graphics";
			sourceTree = "<absolute>";
		};
		0701A621324BDDB91A42E71E = {
			isa = PBXFileReference;
			lastKnownFileType = sourcecode.cpp.objcpp;
			name = "include_juce_gui_extra.mm";
			path = "../../JuceLibraryCode/include_juce_gui_extra.mm";
			sourceTree = "SOURCE_ROOT";
		};
		0AE3A6F42E9582942BC37B8E = {
			isa = PBXFileReference;
			lastKnownFileType = file;
			name = "juce_data_structures";
			path = "/Applications/JUCE/modules/juce_data_structures";
			sourceTree = "<absolute>";
		};
		0B54794824602F842601962F = {
			isa = PBXFileReference;
			lastKnownFileType = sourcecode.cpp.cpp;
			name = "include_juce_audio_plugin_client_Standalone.cpp";
			path = "../../JuceLibraryCode/include_juce_audio_plugin_client_Standalone.cpp";
			sourceTree = "SOURCE_ROOT";
		};
		13D534AA86015A9D74E34C02 = {
			isa = PBXFileReference;
			lastKnownFileType = sourcecode.cpp.objcpp;
			name = "include_juce_opengl.mm";
			path = "../../JuceLibraryCode/include_juce_opengl.mm";
			sourceTree = "SOURCE_ROOT";
		};
		16B6881E797044965259CA6A = {
			isa = PBXFileReference;
			lastKnownFileType = wrapper.framework;
			name = OpenGL.framework;
			path = System/Library/Frameworks/OpenGL.framework;
			sourceTree = SDKROOT;
		};
		1F79E67BE08EEA870A132696 = {
			isa = PBXFileReference;
			lastKnownFileType = sourcecode.cpp.objcpp;
			name = "include_juce_data_structures.mm";
			path = "../../JuceLibraryCode/include_juce_data_structures.mm";
			sourceTree = "SOURCE_ROOT";
		};
		27737B9FA2021C4563CBBB48 = {
			isa = PBXFileReference;
			lastKnownFileType = wrapper.framework;
			name = DiscRecording.framework;
			path = System/Library/Frameworks/DiscRecording.framework;
			sourceTree = SDKROOT;
		};
		2BF8FD2C5ED135183D6CFA4E = {
			isa = PBXFileReference;
			lastKnownFileType = wrapper.framework;
			name = CoreAudio.framework;
			path = System/Library/Frameworks/CoreAudio.framework;
			sourceTree = SDKROOT;
		};
		2CD2664B4776E33954A392E4 = {
			isa = PBXFileReference;
			lastKnownFileType = file;
			name = "juce_gui_extra";
			path = "/Applications/JUCE/modules/juce_gui_extra";
			sourceTree = "<absolute>";
		};
		2F61B7486DC946BFB301B2C6 = {
			isa = PBXFileReference;
			lastKnownFileType = file;
			name = "juce_core";
			path = "/Applications/JUCE/modules/juce_core";
			sourceTree = "<absolute>";
		};
		30F8E1BD4DF36301D3AE2E6F = {
			isa = PBXFileReference;
			lastKnownFileType = file;
			name = "juce_audio_utils";
			path = "/Applications/JUCE/modules/juce_audio_utils";
			sourceTree = "<absolute>";
		};
		438D925E8B675EFC10FC4417 = {
			isa = PBXFileReference;
			lastKnownFileType = sourcecode.c.h;
			name = SynthSound.h;
			path = ../../Source/SynthSound.h;
			sourceTree = "SOURCE_ROOT";
		};
		4591855745C7FC46EDB88364 = {
			isa = PBXFileReference;
			lastKnownFileType = text.plist.xml;
			name = "Info-Standalone_Plugin.plist";
			path = "Info-Standalone_Plugin.plist";
			sourceTree = "SOURCE_ROOT";
		};
		48B82B3DA482E2C95AC11D77 = {
			isa = PBXFileReference;
			lastKnownFileType = sourcecode.cpp.objcpp;
			name = "include_juce_cryptography.mm";
			path = "../../JuceLibraryCode/include_juce_cryptography.mm";
			sourceTree = "SOURCE_ROOT";
		};
		4B294790D06B14D6DA8E2D4E = {
			isa = PBXFileReference;
			lastKnownFileType = file;
			name = "juce_opengl";
			path = "/Applications/JUCE/modules/juce_opengl";
			sourceTree = "<absolute>";
		};
		5A8E96AC0B4635C5B18E397C = {
			isa = PBXFileReference;
			lastKnownFileType = wrapper.framework;
			name = IOKit.framework;
			path = System/Library/Frameworks/IOKit.framework;
			sourceTree = SDKROOT;
		};
		5B3FE0C68680ECAD515CED6A = {
			isa = PBXFileReference;
			lastKnownFileType = sourcecode.c.h;
			name = JuceHeader.h;
			path = ../../JuceLibraryCode/JuceHeader.h;
			sourceTree = "SOURCE_ROOT";
		};
		5D2DE7C32FA69B2E49883953 = {
			isa = PBXFileReference;
			lastKnownFileType = wrapper.framework;
			name = Carbon.framework;
			path = System/Library/Frameworks/Carbon.framework;
			sourceTree = SDKROOT;
		};
		61141A3DA7DB881BA8530935 = {
			isa = PBXFileReference;
			lastKnownFileType = sourcecode.cpp.objcpp;
			name = "include_juce_audio_plugin_client_AU_1.mm";
			path = "../../JuceLibraryCode/include_juce_audio_plugin_client_AU_1.mm";
			sourceTree = "SOURCE_ROOT";
		};
		63FDBDC6A80C6D0335CF38FA = {
			isa = PBXFileReference;
			lastKnownFileType = wrapper.framework;
			name = CoreAudioKit.framework;
			path = System/Library/Frameworks/CoreAudioKit.framework;
			sourceTree = SDKROOT;
		};
		6A310F026E0B4D29D2164835 = {
			isa = PBXFileReference;
			lastKnownFileType = wrapper.framework;
			name = WebKit.framework;
			path = System/Library/Frameworks/WebKit.framework;
			sourceTree = SDKROOT;
		};
		6C27C8F35C6052EA179CE224 = {
			isa = PBXFileReference;
			lastKnownFileType = sourcecode.cpp.objcpp;
			name = "include_juce_core.mm";
			path = "../../JuceLibraryCode/include_juce_core.mm";
			sourceTree = "SOURCE_ROOT";
		};
		6C46052615F95316212638A6 = {
			isa = PBXFileReference;
			lastKnownFileType = wrapper.framework;
			name = Cocoa.framework;
			path = System/Library/Frameworks/Cocoa.framework;
			sourceTree = SDKROOT;
		};
		6D1BF75AEA3BBC86E12461DF = {
			isa = PBXFileReference;
			lastKnownFileType = sourcecode.c.h;
			name = SynthVoice.h;
			path = ../../Source/SynthVoice.h;
			sourceTree = "SOURCE_ROOT";
		};
		710D4DAAD5DBA79ABD547783 = {
			isa = PBXFileReference;
			explicitFileType = wrapper.cfbundle;
			includeInIndex = 0;
			path = audiotest.vst3;
			sourceTree = "BUILT_PRODUCTS_DIR";
		};
		72D7D46A7CD1A1E5EF7A6012 = {
			isa = PBXFileReference;
			lastKnownFileType = wrapper.framework;
			name = QuartzCore.framework;
			path = System/Library/Frameworks/QuartzCore.framework;
			sourceTree = SDKROOT;
		};
		744058C2C09CCCEC3625865D = {
			isa = PBXFileReference;
			lastKnownFileType = sourcecode.cpp.objcpp;
			name = "include_juce_audio_basics.mm";
			path = "../../JuceLibraryCode/include_juce_audio_basics.mm";
			sourceTree = "SOURCE_ROOT";
		};
		747469B8CC038B922BCC439B = {
			isa = PBXFileReference;
			lastKnownFileType = sourcecode.cpp.objcpp;
			name = "include_juce_gui_basics.mm";
			path = "../../JuceLibraryCode/include_juce_gui_basics.mm";
			sourceTree = "SOURCE_ROOT";
		};
		7585F5DD2EE93F05D45DB0FF = {
			isa = PBXFileReference;
			lastKnownFileType = sourcecode.cpp.objcpp;
			name = "include_juce_audio_plugin_client_AU_2.mm";
			path = "../../JuceLibraryCode/include_juce_audio_plugin_client_AU_2.mm";
			sourceTree = "SOURCE_ROOT";
		};
		77FBFC3B5568D03FF4CEA044 = {
			isa = PBXFileReference;
			lastKnownFileType = sourcecode.c.h;
			name = PluginProcessor.h;
			path = ../../Source/PluginProcessor.h;
			sourceTree = "SOURCE_ROOT";
		};
		79F81CD54F0F121F6FC86099 = {
			isa = PBXFileReference;
			lastKnownFileType = sourcecode.c.h;
			name = AppConfig.h;
			path = ../../JuceLibraryCode/AppConfig.h;
			sourceTree = "SOURCE_ROOT";
		};
		7A390D520B42CF65295FBBD8 = {
			isa = PBXFileReference;
			lastKnownFileType = file;
			name = "juce_gui_basics";
			path = "/Applications/JUCE/modules/juce_gui_basics";
			sourceTree = "<absolute>";
		};
		8234D970590E81141FB60B47 = {
			isa = PBXFileReference;
			lastKnownFileType = file;
			name = "juce_audio_basics";
			path = "/Applications/JUCE/modules/juce_audio_basics";
			sourceTree = "<absolute>";
		};
		8837D3AD19A335596E8EC3B3 = {
			isa = PBXFileReference;
			lastKnownFileType = wrapper.framework;
			name = CoreMIDI.framework;
			path = System/Library/Frameworks/CoreMIDI.framework;
			sourceTree = SDKROOT;
		};
		92703A4BF463DF66319F42B8 = {
			isa = PBXFileReference;
			lastKnownFileType = sourcecode.cpp.objcpp;
			name = "include_juce_events.mm";
			path = "../../JuceLibraryCode/include_juce_events.mm";
			sourceTree = "SOURCE_ROOT";
		};
		991DF62825D074B9A6BE5691 = {
			isa = PBXFileReference;
			lastKnownFileType = file;
			name = "juce_cryptography";
			path = "/Applications/JUCE/modules/juce_cryptography";
			sourceTree = "<absolute>";
		};
		9B479738C493BC66C7F6391F = {
			isa = PBXFileReference;
			lastKnownFileType = text.plist.xml;
			name = "Info-AU.plist";
			path = "Info-AU.plist";
			sourceTree = "SOURCE_ROOT";
		};
		9D8E3051ED54DD64722F0BB0 = {
			isa = PBXFileReference;
			lastKnownFileType = sourcecode.cpp.cpp;
			name = "include_juce_audio_plugin_client_VST3.cpp";
			path = "../../JuceLibraryCode/include_juce_audio_plugin_client_VST3.cpp";
			sourceTree = "SOURCE_ROOT";
		};
		A705420AA0268BE8F49CD4F2 = {
			isa = PBXFileReference;
			lastKnownFileType = sourcecode.cpp.objcpp;
			name = "include_juce_audio_devices.mm";
			path = "../../JuceLibraryCode/include_juce_audio_devices.mm";
			sourceTree = "SOURCE_ROOT";
		};
		B8E1DCE323E5372CE398AEDC = {
			isa = PBXFileReference;
			lastKnownFileType = sourcecode.cpp.objcpp;
			name = "include_juce_audio_utils.mm";
			path = "../../JuceLibraryCode/include_juce_audio_utils.mm";
			sourceTree = "SOURCE_ROOT";
		};
		D1D11039AFE3981CF788C152 = {
			isa = PBXFileReference;
			explicitFileType = wrapper.cfbundle;
			includeInIndex = 0;
			path = audiotest.component;
			sourceTree = "BUILT_PRODUCTS_DIR";
		};
		8EDA2926BEB74434701F64F5 = {
			isa = PBXFileReference;
			explicitFileType = wrapper.application;
			includeInIndex = 0;
			path = audiotest.app;
			sourceTree = "BUILT_PRODUCTS_DIR";
		};
		9C9FCB8FCA600A74FDB039B0 = {
			isa = PBXFileReference;
			lastKnownFileType = wrapper.framework;
			name = AudioToolbox.framework;
			path = System/Library/Frameworks/AudioToolbox.framework;
			sourceTree = SDKROOT;
		};
		AA7AF0421FC3CDD6E2413650 = {
			isa = PBXFileReference;
			lastKnownFileType = text.plist.xml;
			name = audiotest.entitlements;
			path = audiotest.entitlements;
			sourceTree = "SOURCE_ROOT";
		};
		ABBE52B74591D26555766C6B = {
			isa = PBXFileReference;
			lastKnownFileType = sourcecode.c.h;
			name = PluginEditor.h;
			path = ../../Source/PluginEditor.h;
			sourceTree = "SOURCE_ROOT";
		};
		AFB6F3DE2769B3D3B8EA7905 = {
			isa = PBXFileReference;
			lastKnownFileType = file;
			name = "juce_audio_processors";
			path = "/Applications/JUCE/modules/juce_audio_processors";
			sourceTree = "<absolute>";
		};
		B565B58C6CA85050E0362B50 = {
			isa = PBXFileReference;
			lastKnownFileType = sourcecode.cpp.cpp;
			name = PluginProcessor.cpp;
			path = ../../Source/PluginProcessor.cpp;
			sourceTree = "SOURCE_ROOT";
		};
		BE025D36D86101613EF20519 = {
			isa = PBXFileReference;
			explicitFileType = archive.ar;
			includeInIndex = 0;
			path = libaudiotest.a;
			sourceTree = "BUILT_PRODUCTS_DIR";
		};
		C9634FAF5D6285EBC2B05E78 = {
			isa = PBXFileReference;
			lastKnownFileType = file.nib;
			name = RecentFilesMenuTemplate.nib;
			path = RecentFilesMenuTemplate.nib;
			sourceTree = "SOURCE_ROOT";
		};
		CEFE82B39A2DD6A3AE70DDBF = {
			isa = PBXFileReference;
			lastKnownFileType = file;
			name = "juce_events";
			path = "/Applications/JUCE/modules/juce_events";
			sourceTree = "<absolute>";
		};
		CF71A8D53565671682688877 = {
			isa = PBXFileReference;
			lastKnownFileType = sourcecode.cpp.objcpp;
			name = "include_juce_audio_plugin_client_VST_utils.mm";
			path = "../../JuceLibraryCode/include_juce_audio_plugin_client_VST_utils.mm";
			sourceTree = "SOURCE_ROOT";
		};
		D7019D57E7B82AAF81B68F14 = {
			isa = PBXFileReference;
			lastKnownFileType = wrapper.framework;
			name = AudioUnit.framework;
			path = System/Library/Frameworks/AudioUnit.framework;
			sourceTree = SDKROOT;
		};
		D84D319A6E6F2CFAC74F65DB = {
			isa = PBXFileReference;
			lastKnownFileType = file;
			name = "juce_audio_devices";
			path = "/Applications/JUCE/modules/juce_audio_devices";
			sourceTree = "<absolute>";
		};
		D8942C00E0D096CEE963A245 = {
			isa = PBXFileReference;
			lastKnownFileType = sourcecode.cpp.objcpp;
			name = "include_juce_audio_processors.mm";
			path = "../../JuceLibraryCode/include_juce_audio_processors.mm";
			sourceTree = "SOURCE_ROOT";
		};
		DE37050B8E5D5DA2DBBC941A = {
			isa = PBXFileReference;
			lastKnownFileType = file.r;
			name = "include_juce_audio_plugin_client_AU.r";
			path = "../../JuceLibraryCode/include_juce_audio_plugin_client_AU.r";
			sourceTree = "SOURCE_ROOT";
		};
		E6470CE75A904DFD0FC4D1FE = {
			isa = PBXFileReference;
			lastKnownFileType = wrapper.framework;
			name = Accelerate.framework;
			path = System/Library/Frameworks/Accelerate.framework;
			sourceTree = SDKROOT;
		};
		EA7FB74A8A8284345299E3E2 = {
			isa = PBXFileReference;
			lastKnownFileType = sourcecode.cpp.cpp;
			name = PluginEditor.cpp;
			path = ../../Source/PluginEditor.cpp;
			sourceTree = "SOURCE_ROOT";
		};
		EC745CEB80F7E30FA5BD9EC1 = {
			isa = PBXFileReference;
			lastKnownFileType = text.plist.xml;
			name = "Info-VST3.plist";
			path = "Info-VST3.plist";
			sourceTree = "SOURCE_ROOT";
		};
		EE761BC50936135BEFA01DD4 = {
			isa = PBXFileReference;
			lastKnownFileType = sourcecode.cpp.cpp;
			name = "include_juce_audio_plugin_client_utils.cpp";
			path = "../../JuceLibraryCode/include_juce_audio_plugin_client_utils.cpp";
			sourceTree = "SOURCE_ROOT";
		};
		F6A7192C555FA163A8B148D0 = {
			isa = PBXFileReference;
			lastKnownFileType = file;
			name = "juce_audio_formats";
			path = "/Applications/JUCE/modules/juce_audio_formats";
			sourceTree = "<absolute>";
		};
		F716E74D69F594CC7D391CD2 = {
			isa = PBXFileReference;
			lastKnownFileType = sourcecode.cpp.objcpp;
			name = "include_juce_graphics.mm";
			path = "../../JuceLibraryCode/include_juce_graphics.mm";
			sourceTree = "SOURCE_ROOT";
		};
		FDED61E36206F2EEB6F89FAD = {
			isa = PBXFileReference;
			lastKnownFileType = file;
			name = "juce_audio_plugin_client";
			path = "/Applications/JUCE/modules/juce_audio_plugin_client";
			sourceTree = "<absolute>";
		};
		392487C5D1FC7AC056D893F4 = {
			isa = PBXGroup;
			children = (
				438D925E8B675EFC10FC4417,
				B565B58C6CA85050E0362B50,
				77FBFC3B5568D03FF4CEA044,
				EA7FB74A8A8284345299E3E2,
				ABBE52B74591D26555766C6B,
			);
			name = Source;
			sourceTree = "<group>";
		};
		909EC061C816092E3E474431 = {
			isa = PBXGroup;
			children = (
				392487C5D1FC7AC056D893F4,
				6D1BF75AEA3BBC86E12461DF,
			);
			name = audiotest;
			sourceTree = "<group>";
		};
		E84ABE0C75843098C3112B81 = {
			isa = PBXGroup;
			children = (
				8234D970590E81141FB60B47,
				D84D319A6E6F2CFAC74F65DB,
				F6A7192C555FA163A8B148D0,
				FDED61E36206F2EEB6F89FAD,
				AFB6F3DE2769B3D3B8EA7905,
				30F8E1BD4DF36301D3AE2E6F,
				2F61B7486DC946BFB301B2C6,
				991DF62825D074B9A6BE5691,
				0AE3A6F42E9582942BC37B8E,
				CEFE82B39A2DD6A3AE70DDBF,
				05CA91810FE6AE0349C83CA3,
				7A390D520B42CF65295FBBD8,
				2CD2664B4776E33954A392E4,
				4B294790D06B14D6DA8E2D4E,
			);
			name = "JUCE Modules";
			sourceTree = "<group>";
		};
		7DB81587CDF12853C9159D09 = {
			isa = PBXGroup;
			children = (
				79F81CD54F0F121F6FC86099,
				744058C2C09CCCEC3625865D,
				A705420AA0268BE8F49CD4F2,
				0135632CBEC89CF589DDBB21,
				DE37050B8E5D5DA2DBBC941A,
				61141A3DA7DB881BA8530935,
				7585F5DD2EE93F05D45DB0FF,
				0B54794824602F842601962F,
				EE761BC50936135BEFA01DD4,
				CF71A8D53565671682688877,
				9D8E3051ED54DD64722F0BB0,
				D8942C00E0D096CEE963A245,
				B8E1DCE323E5372CE398AEDC,
				6C27C8F35C6052EA179CE224,
				48B82B3DA482E2C95AC11D77,
				1F79E67BE08EEA870A132696,
				92703A4BF463DF66319F42B8,
				F716E74D69F594CC7D391CD2,
				747469B8CC038B922BCC439B,
				0701A621324BDDB91A42E71E,
				13D534AA86015A9D74E34C02,
				5B3FE0C68680ECAD515CED6A,
			);
			name = "JUCE Library Code";
			sourceTree = "<group>";
		};
		FC1067BB95D5C609F1909E53 = {
			isa = PBXGroup;
			children = (
				EC745CEB80F7E30FA5BD9EC1,
				9B479738C493BC66C7F6391F,
				4591855745C7FC46EDB88364,
				C9634FAF5D6285EBC2B05E78,
			);
			name = Resources;
			sourceTree = "<group>";
		};
		0590433AE2E0582A8915DB58 = {
			isa = PBXGroup;
			children = (
				E6470CE75A904DFD0FC4D1FE,
				9C9FCB8FCA600A74FDB039B0,
				D7019D57E7B82AAF81B68F14,
				5D2DE7C32FA69B2E49883953,
				6C46052615F95316212638A6,
				2BF8FD2C5ED135183D6CFA4E,
				63FDBDC6A80C6D0335CF38FA,
				8837D3AD19A335596E8EC3B3,
				27737B9FA2021C4563CBBB48,
				5A8E96AC0B4635C5B18E397C,
				16B6881E797044965259CA6A,
				72D7D46A7CD1A1E5EF7A6012,
				6A310F026E0B4D29D2164835,
			);
			name = Frameworks;
			sourceTree = "<group>";
		};
		57C1196FEAEC5A043DC1794B = {
			isa = PBXGroup;
			children = (
				710D4DAAD5DBA79ABD547783,
				D1D11039AFE3981CF788C152,
				8EDA2926BEB74434701F64F5,
				BE025D36D86101613EF20519,
			);
			name = Products;
			sourceTree = "<group>";
		};
		30A1F65CD65FF3FC6AA98386 = {
			isa = PBXGroup;
			children = (
				AA7AF0421FC3CDD6E2413650,
				909EC061C816092E3E474431,
				E84ABE0C75843098C3112B81,
				7DB81587CDF12853C9159D09,
				FC1067BB95D5C609F1909E53,
				0590433AE2E0582A8915DB58,
				57C1196FEAEC5A043DC1794B,
			);
			name = Source;
			sourceTree = "<group>";
		};
		A9617BAEE6FE5CF6FC5F5703 = {
			isa = XCBuildConfiguration;
			buildSettings = {
				MACOSX_DEPLOYMENT_TARGET = 10.11;
			};
			name = Debug;
		};
		96000B4EB507A8D424409B0D = {
			isa = XCBuildConfiguration;
			buildSettings = {
				MACOSX_DEPLOYMENT_TARGET = 10.11;
			};
			name = Release;
		};
		34BB6BED788A302C1BC7A391 = {
			isa = XCBuildConfiguration;
			buildSettings = {
				CLANG_CXX_LANGUAGE_STANDARD = "c++14";
				CLANG_CXX_LIBRARY = "libc++";
				CLANG_LINK_OBJC_RUNTIME = NO;
				COMBINE_HIDPI_IMAGES = YES;
				CONFIGURATION_BUILD_DIR = "$(PROJECT_DIR)/build/$(CONFIGURATION)";
				COPY_PHASE_STRIP = NO;
				DEPLOYMENT_LOCATION = YES;
				DSTROOT = /;
				GCC_DYNAMIC_NO_PIC = NO;
				GCC_OPTIMIZATION_LEVEL = 0;
				GCC_PREPROCESSOR_DEFINITIONS = (
					"_DEBUG=1",
					"DEBUG=1",
					"JUCER_XCODE_MAC_F6D2F4CF=1",
					"JUCE_APP_VERSION=1.0.0",
					"JUCE_APP_VERSION_HEX=0x10000",
					"JucePlugin_Build_VST=0",
					"JucePlugin_Build_VST3=1",
					"JucePlugin_Build_AU=0",
					"JucePlugin_Build_AUv3=0",
					"JucePlugin_Build_RTAS=0",
					"JucePlugin_Build_AAX=0",
					"JucePlugin_Build_Standalone=0",
					"JucePlugin_Build_Unity=0",
				);
				GCC_VERSION = com.apple.compilers.llvm.clang.1_0;
				GENERATE_PKGINFO_FILE = YES;
				HEADER_SEARCH_PATHS = (
					"/Users/aryadaroui/Downloads/VST_SDK/VST3_SDK",
					"../../JuceLibraryCode",
					"/Applications/JUCE/modules",
					"/Applications/JUCE/modules/juce_audio_plugin_client",
					"$(inherited)",
				);
				INFOPLIST_FILE = Info-VST3.plist;
				INFOPLIST_PREPROCESS = NO;
				INSTALL_PATH = "$(HOME)/Library/Audio/Plug-Ins/VST3/";
				LIBRARY_STYLE = Bundle;
				MACOSX_DEPLOYMENT_TARGET = 10.11;
				OTHER_LDFLAGS = "-bundle -laudiotest";
				PRODUCT_BUNDLE_IDENTIFIER = com.yourcompany.audiotest;
				PRODUCT_NAME = "audiotest";
				USE_HEADERMAP = NO;
				WRAPPER_EXTENSION = vst3;
			};
			name = Debug;
		};
		8BEBCF2472FF061A67B1A367 = {
			isa = XCBuildConfiguration;
			buildSettings = {
				CLANG_CXX_LANGUAGE_STANDARD = "c++14";
				CLANG_CXX_LIBRARY = "libc++";
				CLANG_LINK_OBJC_RUNTIME = NO;
				COMBINE_HIDPI_IMAGES = YES;
				CONFIGURATION_BUILD_DIR = "$(PROJECT_DIR)/build/$(CONFIGURATION)";
				DEAD_CODE_STRIPPING = YES;
				DEPLOYMENT_LOCATION = YES;
				DSTROOT = /;
				GCC_GENERATE_DEBUGGING_SYMBOLS = NO;
				GCC_OPTIMIZATION_LEVEL = 3;
				GCC_PREPROCESSOR_DEFINITIONS = (
					"_NDEBUG=1",
					"NDEBUG=1",
					"JUCER_XCODE_MAC_F6D2F4CF=1",
					"JUCE_APP_VERSION=1.0.0",
					"JUCE_APP_VERSION_HEX=0x10000",
					"JucePlugin_Build_VST=0",
					"JucePlugin_Build_VST3=1",
					"JucePlugin_Build_AU=0",
					"JucePlugin_Build_AUv3=0",
					"JucePlugin_Build_RTAS=0",
					"JucePlugin_Build_AAX=0",
					"JucePlugin_Build_Standalone=0",
					"JucePlugin_Build_Unity=0",
				);
				GCC_SYMBOLS_PRIVATE_EXTERN = YES;
				GCC_VERSION = com.apple.compilers.llvm.clang.1_0;
				GENERATE_PKGINFO_FILE = YES;
				HEADER_SEARCH_PATHS = (
					"/Users/aryadaroui/Downloads/VST_SDK/VST3_SDK",
					"../../JuceLibraryCode",
					"/Applications/JUCE/modules",
					"/Applications/JUCE/modules/juce_audio_plugin_client",
					"$(inherited)",
				);
				INFOPLIST_FILE = Info-VST3.plist;
				INFOPLIST_PREPROCESS = NO;
				INSTALL_PATH = "$(HOME)/Library/Audio/Plug-Ins/VST3/";
				LIBRARY_STYLE = Bundle;
				LLVM_LTO = YES;
				MACOSX_DEPLOYMENT_TARGET = 10.11;
				OTHER_LDFLAGS = "-bundle -laudiotest";
				PRODUCT_BUNDLE_IDENTIFIER = com.yourcompany.audiotest;
				PRODUCT_NAME = "audiotest";
				USE_HEADERMAP = NO;
				WRAPPER_EXTENSION = vst3;
			};
			name = Release;
		};
		E5AE46849CDBBC68CF106A88 = {
			isa = XCBuildConfiguration;
			buildSettings = {
				CLANG_CXX_LANGUAGE_STANDARD = "c++14";
				CLANG_CXX_LIBRARY = "libc++";
				CLANG_LINK_OBJC_RUNTIME = NO;
				COMBINE_HIDPI_IMAGES = YES;
				CONFIGURATION_BUILD_DIR = "$(PROJECT_DIR)/build/$(CONFIGURATION)";
				COPY_PHASE_STRIP = NO;
				DEPLOYMENT_LOCATION = YES;
				DSTROOT = /;
				GCC_DYNAMIC_NO_PIC = NO;
				GCC_OPTIMIZATION_LEVEL = 0;
				GCC_PREPROCESSOR_DEFINITIONS = (
					"_DEBUG=1",
					"DEBUG=1",
					"JUCER_XCODE_MAC_F6D2F4CF=1",
					"JUCE_APP_VERSION=1.0.0",
					"JUCE_APP_VERSION_HEX=0x10000",
					"JucePlugin_Build_VST=0",
					"JucePlugin_Build_VST3=0",
					"JucePlugin_Build_AU=1",
					"JucePlugin_Build_AUv3=0",
					"JucePlugin_Build_RTAS=0",
					"JucePlugin_Build_AAX=0",
					"JucePlugin_Build_Standalone=0",
					"JucePlugin_Build_Unity=0",
				);
				GCC_VERSION = com.apple.compilers.llvm.clang.1_0;
				GENERATE_PKGINFO_FILE = YES;
				HEADER_SEARCH_PATHS = (
					"/Users/aryadaroui/Downloads/VST_SDK/VST3_SDK",
					"../../JuceLibraryCode",
					"/Applications/JUCE/modules",
					"/Applications/JUCE/modules/juce_audio_plugin_client",
					"$(inherited)",
				);
				INFOPLIST_FILE = Info-AU.plist;
				INFOPLIST_PREPROCESS = NO;
				INSTALL_PATH = "$(HOME)/Library/Audio/Plug-Ins/Components/";
				LIBRARY_STYLE = Bundle;
				MACOSX_DEPLOYMENT_TARGET = 10.11;
				OTHER_LDFLAGS = "-bundle -laudiotest";
				OTHER_REZFLAGS = "-d ppc_$ppc -d i386_$i386 -d ppc64_$ppc64 -d x86_64_$x86_64 -I /System/Library/Frameworks/CoreServices.framework/Frameworks/CarbonCore.framework/Versions/A/Headers -I \"$(DEVELOPER_DIR)/Extras/CoreAudio/AudioUnits/AUPublic/AUBase\"";
				PRODUCT_BUNDLE_IDENTIFIER = com.yourcompany.audiotest;
				PRODUCT_NAME = "audiotest";
				USE_HEADERMAP = NO;
				WRAPPER_EXTENSION = component;
			};
			name = Debug;
		};
		A10B75F0208348A1ED425C5E = {
			isa = XCBuildConfiguration;
			buildSettings = {
				CLANG_CXX_LANGUAGE_STANDARD = "c++14";
				CLANG_CXX_LIBRARY = "libc++";
				CLANG_LINK_OBJC_RUNTIME = NO;
				COMBINE_HIDPI_IMAGES = YES;
				CONFIGURATION_BUILD_DIR = "$(PROJECT_DIR)/build/$(CONFIGURATION)";
				DEAD_CODE_STRIPPING = YES;
				DEPLOYMENT_LOCATION = YES;
				DSTROOT = /;
				GCC_GENERATE_DEBUGGING_SYMBOLS = NO;
				GCC_OPTIMIZATION_LEVEL = 3;
				GCC_PREPROCESSOR_DEFINITIONS = (
					"_NDEBUG=1",
					"NDEBUG=1",
					"JUCER_XCODE_MAC_F6D2F4CF=1",
					"JUCE_APP_VERSION=1.0.0",
					"JUCE_APP_VERSION_HEX=0x10000",
					"JucePlugin_Build_VST=0",
					"JucePlugin_Build_VST3=0",
					"JucePlugin_Build_AU=1",
					"JucePlugin_Build_AUv3=0",
					"JucePlugin_Build_RTAS=0",
					"JucePlugin_Build_AAX=0",
					"JucePlugin_Build_Standalone=0",
					"JucePlugin_Build_Unity=0",
				);
				GCC_SYMBOLS_PRIVATE_EXTERN = YES;
				GCC_VERSION = com.apple.compilers.llvm.clang.1_0;
				GENERATE_PKGINFO_FILE = YES;
				HEADER_SEARCH_PATHS = (
					"/Users/aryadaroui/Downloads/VST_SDK/VST3_SDK",
					"../../JuceLibraryCode",
					"/Applications/JUCE/modules",
					"/Applications/JUCE/modules/juce_audio_plugin_client",
					"$(inherited)",
				);
				INFOPLIST_FILE = Info-AU.plist;
				INFOPLIST_PREPROCESS = NO;
				INSTALL_PATH = "$(HOME)/Library/Audio/Plug-Ins/Components/";
				LIBRARY_STYLE = Bundle;
				LLVM_LTO = YES;
				MACOSX_DEPLOYMENT_TARGET = 10.11;
				OTHER_LDFLAGS = "-bundle -laudiotest";
				OTHER_REZFLAGS = "-d ppc_$ppc -d i386_$i386 -d ppc64_$ppc64 -d x86_64_$x86_64 -I /System/Library/Frameworks/CoreServices.framework/Frameworks/CarbonCore.framework/Versions/A/Headers -I \"$(DEVELOPER_DIR)/Extras/CoreAudio/AudioUnits/AUPublic/AUBase\"";
				PRODUCT_BUNDLE_IDENTIFIER = com.yourcompany.audiotest;
				PRODUCT_NAME = "audiotest";
				USE_HEADERMAP = NO;
				WRAPPER_EXTENSION = component;
			};
			name = Release;
		};
		B336507FE4F3CE73AD355604 = {
			isa = XCBuildConfiguration;
			buildSettings = {
				CLANG_CXX_LANGUAGE_STANDARD = "c++14";
				CLANG_CXX_LIBRARY = "libc++";
				CLANG_LINK_OBJC_RUNTIME = NO;
				COMBINE_HIDPI_IMAGES = YES;
				CONFIGURATION_BUILD_DIR = "$(PROJECT_DIR)/build/$(CONFIGURATION)";
				COPY_PHASE_STRIP = NO;
				GCC_DYNAMIC_NO_PIC = NO;
				GCC_OPTIMIZATION_LEVEL = 0;
				GCC_PREPROCESSOR_DEFINITIONS = (
					"_DEBUG=1",
					"DEBUG=1",
					"JUCER_XCODE_MAC_F6D2F4CF=1",
					"JUCE_APP_VERSION=1.0.0",
					"JUCE_APP_VERSION_HEX=0x10000",
					"JucePlugin_Build_VST=0",
					"JucePlugin_Build_VST3=0",
					"JucePlugin_Build_AU=0",
					"JucePlugin_Build_AUv3=0",
					"JucePlugin_Build_RTAS=0",
					"JucePlugin_Build_AAX=0",
					"JucePlugin_Build_Standalone=1",
					"JucePlugin_Build_Unity=0",
				);
				GCC_VERSION = com.apple.compilers.llvm.clang.1_0;
				HEADER_SEARCH_PATHS = (
					"/Users/aryadaroui/Downloads/VST_SDK/VST3_SDK",
					"../../JuceLibraryCode",
					"/Applications/JUCE/modules",
					"/Applications/JUCE/modules/juce_audio_plugin_client",
					"$(inherited)",
				);
				INFOPLIST_FILE = Info-Standalone_Plugin.plist;
				INFOPLIST_PREPROCESS = NO;
				MACOSX_DEPLOYMENT_TARGET = 10.11;
				OTHER_LDFLAGS = "-laudiotest";
				PRODUCT_BUNDLE_IDENTIFIER = com.yourcompany.audiotest;
				PRODUCT_NAME = "audiotest";
				USE_HEADERMAP = NO;
			};
			name = Debug;
		};
		B6858BAF304690246887E783 = {
			isa = XCBuildConfiguration;
			buildSettings = {
				CLANG_CXX_LANGUAGE_STANDARD = "c++14";
				CLANG_CXX_LIBRARY = "libc++";
				CLANG_LINK_OBJC_RUNTIME = NO;
				COMBINE_HIDPI_IMAGES = YES;
				CONFIGURATION_BUILD_DIR = "$(PROJECT_DIR)/build/$(CONFIGURATION)";
				DEAD_CODE_STRIPPING = YES;
				GCC_GENERATE_DEBUGGING_SYMBOLS = NO;
				GCC_OPTIMIZATION_LEVEL = 3;
				GCC_PREPROCESSOR_DEFINITIONS = (
					"_NDEBUG=1",
					"NDEBUG=1",
					"JUCER_XCODE_MAC_F6D2F4CF=1",
					"JUCE_APP_VERSION=1.0.0",
					"JUCE_APP_VERSION_HEX=0x10000",
					"JucePlugin_Build_VST=0",
					"JucePlugin_Build_VST3=0",
					"JucePlugin_Build_AU=0",
					"JucePlugin_Build_AUv3=0",
					"JucePlugin_Build_RTAS=0",
					"JucePlugin_Build_AAX=0",
					"JucePlugin_Build_Standalone=1",
					"JucePlugin_Build_Unity=0",
				);
				GCC_SYMBOLS_PRIVATE_EXTERN = YES;
				GCC_VERSION = com.apple.compilers.llvm.clang.1_0;
				HEADER_SEARCH_PATHS = (
					"/Users/aryadaroui/Downloads/VST_SDK/VST3_SDK",
					"../../JuceLibraryCode",
					"/Applications/JUCE/modules",
					"/Applications/JUCE/modules/juce_audio_plugin_client",
					"$(inherited)",
				);
				INFOPLIST_FILE = Info-Standalone_Plugin.plist;
				INFOPLIST_PREPROCESS = NO;
				LLVM_LTO = YES;
				MACOSX_DEPLOYMENT_TARGET = 10.11;
				OTHER_LDFLAGS = "-laudiotest";
				PRODUCT_BUNDLE_IDENTIFIER = com.yourcompany.audiotest;
				PRODUCT_NAME = "audiotest";
				USE_HEADERMAP = NO;
			};
			name = Release;
		};
		3602E00BC9D8783F4FD1BC97 = {
			isa = XCBuildConfiguration;
			buildSettings = {
				CLANG_CXX_LANGUAGE_STANDARD = "c++14";
				CLANG_CXX_LIBRARY = "libc++";
				CLANG_LINK_OBJC_RUNTIME = NO;
				COMBINE_HIDPI_IMAGES = YES;
				CONFIGURATION_BUILD_DIR = "$(PROJECT_DIR)/build/$(CONFIGURATION)";
				COPY_PHASE_STRIP = NO;
				GCC_DYNAMIC_NO_PIC = NO;
				GCC_OPTIMIZATION_LEVEL = 0;
				GCC_PREPROCESSOR_DEFINITIONS = (
					"_DEBUG=1",
					"DEBUG=1",
					"JUCER_XCODE_MAC_F6D2F4CF=1",
					"JUCE_APP_VERSION=1.0.0",
					"JUCE_APP_VERSION_HEX=0x10000",
					"JucePlugin_Build_VST=0",
					"JucePlugin_Build_VST3=1",
					"JucePlugin_Build_AU=1",
					"JucePlugin_Build_AUv3=0",
					"JucePlugin_Build_RTAS=0",
					"JucePlugin_Build_AAX=0",
					"JucePlugin_Build_Standalone=1",
					"JucePlugin_Build_Unity=0",
					"JUCE_SHARED_CODE=1",
				);
				GCC_VERSION = com.apple.compilers.llvm.clang.1_0;
				HEADER_SEARCH_PATHS = (
					"/Users/aryadaroui/Downloads/VST_SDK/VST3_SDK",
					"../../JuceLibraryCode",
					"/Applications/JUCE/modules",
					"/Applications/JUCE/modules/juce_audio_plugin_client",
					"$(inherited)",
				);
				INSTALL_PATH = "@executable_path/../Frameworks";
				MACOSX_DEPLOYMENT_TARGET = 10.11;
				PRODUCT_BUNDLE_IDENTIFIER = com.yourcompany.audiotest;
				PRODUCT_NAME = "audiotest";
				SKIP_INSTALL = YES;
				USE_HEADERMAP = NO;
			};
			name = Debug;
		};
		E64F005762B1475DC6248DC5 = {
			isa = XCBuildConfiguration;
			buildSettings = {
				CLANG_CXX_LANGUAGE_STANDARD = "c++14";
				CLANG_CXX_LIBRARY = "libc++";
				CLANG_LINK_OBJC_RUNTIME = NO;
				COMBINE_HIDPI_IMAGES = YES;
				CONFIGURATION_BUILD_DIR = "$(PROJECT_DIR)/build/$(CONFIGURATION)";
				DEAD_CODE_STRIPPING = YES;
				GCC_GENERATE_DEBUGGING_SYMBOLS = NO;
				GCC_OPTIMIZATION_LEVEL = 3;
				GCC_PREPROCESSOR_DEFINITIONS = (
					"_NDEBUG=1",
					"NDEBUG=1",
					"JUCER_XCODE_MAC_F6D2F4CF=1",
					"JUCE_APP_VERSION=1.0.0",
					"JUCE_APP_VERSION_HEX=0x10000",
					"JucePlugin_Build_VST=0",
					"JucePlugin_Build_VST3=1",
					"JucePlugin_Build_AU=1",
					"JucePlugin_Build_AUv3=0",
					"JucePlugin_Build_RTAS=0",
					"JucePlugin_Build_AAX=0",
					"JucePlugin_Build_Standalone=1",
					"JucePlugin_Build_Unity=0",
					"JUCE_SHARED_CODE=1",
				);
				GCC_SYMBOLS_PRIVATE_EXTERN = YES;
				GCC_VERSION = com.apple.compilers.llvm.clang.1_0;
				HEADER_SEARCH_PATHS = (
					"/Users/aryadaroui/Downloads/VST_SDK/VST3_SDK",
					"../../JuceLibraryCode",
					"/Applications/JUCE/modules",
					"/Applications/JUCE/modules/juce_audio_plugin_client",
					"$(inherited)",
				);
				INSTALL_PATH = "@executable_path/../Frameworks";
				LLVM_LTO = YES;
				MACOSX_DEPLOYMENT_TARGET = 10.11;
				PRODUCT_BUNDLE_IDENTIFIER = com.yourcompany.audiotest;
				PRODUCT_NAME = "audiotest";
				SKIP_INSTALL = YES;
				USE_HEADERMAP = NO;
			};
			name = Release;
		};
		A5029CC21E3FB8214C8351AC = {
			isa = XCBuildConfiguration;
			buildSettings = {
				ALWAYS_SEARCH_USER_PATHS = NO;
				CLANG_ENABLE_OBJC_WEAK = YES;
				CLANG_WARN_BLOCK_CAPTURE_AUTORELEASING = YES;
				CLANG_WARN_BOOL_CONVERSION = YES;
				CLANG_WARN_COMMA = YES;
				CLANG_WARN_CONSTANT_CONVERSION = YES;
				CLANG_WARN_DEPRECATED_OBJC_IMPLEMENTATIONS = YES;
				CLANG_WARN_EMPTY_BODY = YES;
				CLANG_WARN_ENUM_CONVERSION = YES;
				CLANG_WARN_INFINITE_RECURSION = YES;
				CLANG_WARN_INT_CONVERSION = YES;
				CLANG_WARN_NON_LITERAL_NULL_CONVERSION = YES;
				CLANG_WARN_OBJC_IMPLICIT_RETAIN_SELF = YES;
				CLANG_WARN_OBJC_LITERAL_CONVERSION = YES;
				CLANG_WARN_RANGE_LOOP_ANALYSIS = YES;
				CLANG_WARN_STRICT_PROTOTYPES = YES;
				CLANG_WARN_SUSPICIOUS_MOVE = YES;
				CLANG_WARN_UNREACHABLE_CODE = YES;
				CLANG_WARN__DUPLICATE_METHOD_MATCH = YES;
				DEBUG_INFORMATION_FORMAT = "dwarf";
				ENABLE_STRICT_OBJC_MSGSEND = YES;
				ENABLE_TESTABILITY = YES;
				GCC_C_LANGUAGE_STANDARD = c11;
				GCC_INLINES_ARE_PRIVATE_EXTERN = YES;
				GCC_MODEL_TUNING = G5;
				GCC_NO_COMMON_BLOCKS = YES;
				GCC_WARN_64_TO_32_BIT_CONVERSION = YES;
				GCC_WARN_ABOUT_RETURN_TYPE = YES;
				GCC_WARN_CHECK_SWITCH_STATEMENTS = YES;
				GCC_WARN_MISSING_PARENTHESES = YES;
				GCC_WARN_NON_VIRTUAL_DESTRUCTOR = YES;
				GCC_WARN_TYPECHECK_CALLS_TO_PRINTF = YES;
				GCC_WARN_UNDECLARED_SELECTOR = YES;
				GCC_WARN_UNINITIALIZED_AUTOS = YES;
				GCC_WARN_UNUSED_FUNCTION = YES;
				GCC_WARN_UNUSED_VARIABLE = YES;
				ONLY_ACTIVE_ARCH = YES;
				PRODUCT_NAME = "audiotest";
				WARNING_CFLAGS = -Wreorder;
				ZERO_LINK = NO;
			};
			name = Debug;
		};
		E472EAA5B75965A8418FD6E7 = {
			isa = XCBuildConfiguration;
			buildSettings = {
				ALWAYS_SEARCH_USER_PATHS = NO;
				CLANG_ENABLE_OBJC_WEAK = YES;
				CLANG_WARN_BLOCK_CAPTURE_AUTORELEASING = YES;
				CLANG_WARN_BOOL_CONVERSION = YES;
				CLANG_WARN_COMMA = YES;
				CLANG_WARN_CONSTANT_CONVERSION = YES;
				CLANG_WARN_DEPRECATED_OBJC_IMPLEMENTATIONS = YES;
				CLANG_WARN_EMPTY_BODY = YES;
				CLANG_WARN_ENUM_CONVERSION = YES;
				CLANG_WARN_INFINITE_RECURSION = YES;
				CLANG_WARN_INT_CONVERSION = YES;
				CLANG_WARN_NON_LITERAL_NULL_CONVERSION = YES;
				CLANG_WARN_OBJC_IMPLICIT_RETAIN_SELF = YES;
				CLANG_WARN_OBJC_LITERAL_CONVERSION = YES;
				CLANG_WARN_RANGE_LOOP_ANALYSIS = YES;
				CLANG_WARN_STRICT_PROTOTYPES = YES;
				CLANG_WARN_SUSPICIOUS_MOVE = YES;
				CLANG_WARN_UNREACHABLE_CODE = YES;
				CLANG_WARN__DUPLICATE_METHOD_MATCH = YES;
				DEBUG_INFORMATION_FORMAT = "dwarf";
				ENABLE_STRICT_OBJC_MSGSEND = YES;
				GCC_C_LANGUAGE_STANDARD = c11;
				GCC_INLINES_ARE_PRIVATE_EXTERN = YES;
				GCC_MODEL_TUNING = G5;
				GCC_NO_COMMON_BLOCKS = YES;
				GCC_WARN_64_TO_32_BIT_CONVERSION = YES;
				GCC_WARN_ABOUT_RETURN_TYPE = YES;
				GCC_WARN_CHECK_SWITCH_STATEMENTS = YES;
				GCC_WARN_MISSING_PARENTHESES = YES;
				GCC_WARN_NON_VIRTUAL_DESTRUCTOR = YES;
				GCC_WARN_TYPECHECK_CALLS_TO_PRINTF = YES;
				GCC_WARN_UNDECLARED_SELECTOR = YES;
				GCC_WARN_UNINITIALIZED_AUTOS = YES;
				GCC_WARN_UNUSED_FUNCTION = YES;
				GCC_WARN_UNUSED_VARIABLE = YES;
				PRODUCT_NAME = "audiotest";
				WARNING_CFLAGS = -Wreorder;
				ZERO_LINK = NO;
			};
			name = Release;
		};
		127293115E1384AFC9C2B91A = {
			isa = PBXTargetDependency;
			target = 262F5A8E4FC5FDA3D671C6D1;
		};
		B1095E709EAAE7732AD88A9E = {
			isa = PBXTargetDependency;
			target = 8B61D45529D9E0859A9161DA;
		};
		4B20EEAA567D5B4A9AB71800 = {
			isa = PBXTargetDependency;
			target = C2D99659EF23BC6153B6228B;
		};
		DF3A6599F279AA58BD27A0BA = {
			isa = PBXTargetDependency;
			target = BC399657BD9F8D6A173D4247;
		};
		10D166510DE9B207B3EE72DC = {
			isa = XCConfigurationList;
			buildConfigurations = (
				A5029CC21E3FB8214C8351AC,
				E472EAA5B75965A8418FD6E7,
			);
			defaultConfigurationIsVisible = 0;
			defaultConfigurationName = Debug;
		};
		F530400C04DEA62901A9F109 = {
			isa = XCConfigurationList;
			buildConfigurations = (
				A9617BAEE6FE5CF6FC5F5703,
				96000B4EB507A8D424409B0D,
			);
			defaultConfigurationIsVisible = 0;
			defaultConfigurationName = Debug;
		};
		0F9A4CBD1E2E6408D74885D6 = {
			isa = PBXAggregateTarget;
			buildConfigurationList = F530400C04DEA62901A9F109;
			buildPhases = ( );
			buildRules = ( );
			dependencies = (
				127293115E1384AFC9C2B91A,
				B1095E709EAAE7732AD88A9E,
				4B20EEAA567D5B4A9AB71800,
				DF3A6599F279AA58BD27A0BA,
			);
			name = "audiotest - All";
			productName = audiotest;
		};
		397E69D22F9BE1A147215E3C = {
			isa = XCConfigurationList;
			buildConfigurations = (
				34BB6BED788A302C1BC7A391,
				8BEBCF2472FF061A67B1A367,
			);
			defaultConfigurationIsVisible = 0;
			defaultConfigurationName = Debug;
		};
		1702F59A9FBBADEAB405BB65 = {
			isa = PBXResourcesBuildPhase;
			buildActionMask = 2147483647;
			files = (
				6657DE555833038B2A49A3D1,
			);
			runOnlyForDeploymentPostprocessing = 0;
		};
		6627AB5AD22B22C2A7DEE625 = {
			isa = PBXSourcesBuildPhase;
			buildActionMask = 2147483647;
			files = (
				CE4617A71C3A03E063B90E91,
			);
			runOnlyForDeploymentPostprocessing = 0;
		};
		08B921AFCDF985FD12D6B682 = {
			isa = PBXFrameworksBuildPhase;
			buildActionMask = 2147483647;
			files = (
				68DBCD6B1F18B2F7ACD5A8D6,
				287DC58441A7C449258BD449,
				DE8BD294F07C92D0DA14F4C0,
				E0EFDD89007A7260C9686AEA,
				42FC3CB0C67BD93C9DDAFFF1,
				F7A0B1A596890D481BA4B091,
				E403818352E7F8961D659BB4,
				508ABABA25E7F785450C35C1,
				D875C8B8EFB4F9B938CC26A2,
				A1622E7594BD99A1DAD0CB8B,
				13A9F6D5667317D1C7482E0B,
			);
			runOnlyForDeploymentPostprocessing = 0;
		};
		262F5A8E4FC5FDA3D671C6D1 = {
			isa = PBXNativeTarget;
			buildConfigurationList = 397E69D22F9BE1A147215E3C;
			buildPhases = (
				1702F59A9FBBADEAB405BB65,
				6627AB5AD22B22C2A7DEE625,
				08B921AFCDF985FD12D6B682,
			);
			buildRules = ( );
			dependencies = (
				DF3A6599F279AA58BD27A0BA,
			);
			name = "audiotest - VST3";
			productName = audiotest;
			productReference = 710D4DAAD5DBA79ABD547783;
			productType = "com.apple.product-type.bundle";
		};
		2E4D148651DDD0EE5F54D929 = {
			isa = XCConfigurationList;
			buildConfigurations = (
				E5AE46849CDBBC68CF106A88,
				A10B75F0208348A1ED425C5E,
			);
			defaultConfigurationIsVisible = 0;
			defaultConfigurationName = Debug;
		};
		F1B13E42D23731D85CE8B989 = {
			isa = PBXResourcesBuildPhase;
			buildActionMask = 2147483647;
			files = (
				6657DE555833038B2A49A3D1,
			);
			runOnlyForDeploymentPostprocessing = 0;
		};
		06F45C14CA12BB06B429DE4E = {
			isa = PBXRezBuildPhase;
			buildActionMask = 2147483647;
			files = (
				7C289CEA64C50B9CDCCD303B,
			);
			runOnlyForDeploymentPostprocessing = 0;
		};
		A0A2A1D29D050F10D31D3D90 = {
			isa = PBXSourcesBuildPhase;
			buildActionMask = 2147483647;
			files = (
				BF38C9E7D236BE670CDE626D,
				8D7F0B3862053B15F62DFF34,
			);
			runOnlyForDeploymentPostprocessing = 0;
		};
		DAECFBB029DCA1DCAFC94209 = {
			isa = PBXFrameworksBuildPhase;
			buildActionMask = 2147483647;
			files = (
				68DBCD6B1F18B2F7ACD5A8D6,
				287DC58441A7C449258BD449,
				5E477AEFA92E820129DF17DF,
				DE8BD294F07C92D0DA14F4C0,
				E0EFDD89007A7260C9686AEA,
				42FC3CB0C67BD93C9DDAFFF1,
				B823C058C82906CAE40B134C,
				F7A0B1A596890D481BA4B091,
				E403818352E7F8961D659BB4,
				508ABABA25E7F785450C35C1,
				D875C8B8EFB4F9B938CC26A2,
				A1622E7594BD99A1DAD0CB8B,
				13A9F6D5667317D1C7482E0B,
			);
			runOnlyForDeploymentPostprocessing = 0;
		};
		8B61D45529D9E0859A9161DA = {
			isa = PBXNativeTarget;
			buildConfigurationList = 2E4D148651DDD0EE5F54D929;
			buildPhases = (
				F1B13E42D23731D85CE8B989,
				06F45C14CA12BB06B429DE4E,
				A0A2A1D29D050F10D31D3D90,
				DAECFBB029DCA1DCAFC94209,
			);
			buildRules = ( );
			dependencies = (
				DF3A6599F279AA58BD27A0BA,
			);
			name = "audiotest - AU";
			productName = audiotest;
			productReference = D1D11039AFE3981CF788C152;
			productType = "com.apple.product-type.bundle";
		};
		94324E3E267277AD9A71B01D = {
			isa = XCConfigurationList;
			buildConfigurations = (
				B336507FE4F3CE73AD355604,
				B6858BAF304690246887E783,
			);
			defaultConfigurationIsVisible = 0;
			defaultConfigurationName = Debug;
		};
		94FA4B7952D67EA1D5E62C80 = {
			isa = PBXResourcesBuildPhase;
			buildActionMask = 2147483647;
			files = (
				6657DE555833038B2A49A3D1,
			);
			runOnlyForDeploymentPostprocessing = 0;
		};
		4A157CF768D9389C8504FE5A = {
			isa = PBXSourcesBuildPhase;
			buildActionMask = 2147483647;
			files = (
				1E5AF46E21570254F1C950ED,
			);
			runOnlyForDeploymentPostprocessing = 0;
		};
		A7413A5EB1B7EEC7F1AFE5A0 = {
			isa = PBXFrameworksBuildPhase;
			buildActionMask = 2147483647;
			files = (
				68DBCD6B1F18B2F7ACD5A8D6,
				287DC58441A7C449258BD449,
				DE8BD294F07C92D0DA14F4C0,
				E0EFDD89007A7260C9686AEA,
				42FC3CB0C67BD93C9DDAFFF1,
				F7A0B1A596890D481BA4B091,
				E403818352E7F8961D659BB4,
				508ABABA25E7F785450C35C1,
				D875C8B8EFB4F9B938CC26A2,
				A1622E7594BD99A1DAD0CB8B,
				13A9F6D5667317D1C7482E0B,
			);
			runOnlyForDeploymentPostprocessing = 0;
		};
		C2D99659EF23BC6153B6228B = {
			isa = PBXNativeTarget;
			buildConfigurationList = 94324E3E267277AD9A71B01D;
			buildPhases = (
				94FA4B7952D67EA1D5E62C80,
				4A157CF768D9389C8504FE5A,
				A7413A5EB1B7EEC7F1AFE5A0,
			);
			buildRules = ( );
			dependencies = (
				DF3A6599F279AA58BD27A0BA,
			);
			name = "audiotest - Standalone Plugin";
			productName = audiotest;
			productReference = 8EDA2926BEB74434701F64F5;
			productType = "com.apple.product-type.application";
		};
		0F7E67203840AB5B4E5BBC7F = {
			isa = XCConfigurationList;
			buildConfigurations = (
				3602E00BC9D8783F4FD1BC97,
				E64F005762B1475DC6248DC5,
			);
			defaultConfigurationIsVisible = 0;
			defaultConfigurationName = Debug;
		};
		F70E560C7C57143088258204 = {
			isa = PBXSourcesBuildPhase;
			buildActionMask = 2147483647;
			files = (
				6439065F33E2E57B5FCDABC3,
				6DA4393BED9FFA388EF4D93F,
				83A94E3EA1C7CFCA14A179B4,
				AB39284378E2C5343782D26D,
				9424AB510B8B8FDD79695A73,
				7DF787D2719254EE687866EA,
				8A439B17F16DA99DDF1F3C4C,
				7AC85EEC8425FD06DACAEB13,
				4D97F6992E861810A99409BB,
				5C9FEEE3B55C6F38BED6405D,
				028FBA780286C00ECE140192,
				C829DDB6575F477A38FD1B50,
				C11099E488A66FD81A32AB42,
				70460085A48C159701EA0E40,
				CF2E4B847FAFA0103CC9734B,
				CE4BB28F770A9C91F08A7C9E,
				084C0E3ACAEEDDF42CB9ABB7,
			);
			runOnlyForDeploymentPostprocessing = 0;
		};
		BC399657BD9F8D6A173D4247 = {
			isa = PBXNativeTarget;
			buildConfigurationList = 0F7E67203840AB5B4E5BBC7F;
			buildPhases = (
				F70E560C7C57143088258204,
			);
			buildRules = ( );
			dependencies = ( );
			name = "audiotest - Shared Code";
			productName = audiotest;
			productReference = BE025D36D86101613EF20519;
			productType = "com.apple.product-type.library.static";
		};
		F2AA30D94BF1ECEBA2F79B2B = {
			isa = PBXProject;
			buildConfigurationList = 10D166510DE9B207B3EE72DC;
			attributes = { LastUpgradeCheck = 0930; ORGANIZATIONNAME = ""; TargetAttributes = { 0F9A4CBD1E2E6408D74885D6 = { SystemCapabilities = {com.apple.ApplicationGroups.iOS = { enabled = 0; }; com.apple.InAppPurchase = { enabled = 0; }; com.apple.InterAppAudio = { enabled = 0; }; com.apple.Push = { enabled = 0; }; com.apple.Sandbox = { enabled = 0; }; }; };262F5A8E4FC5FDA3D671C6D1 = { SystemCapabilities = {com.apple.ApplicationGroups.iOS = { enabled = 0; }; com.apple.InAppPurchase = { enabled = 0; }; com.apple.InterAppAudio = { enabled = 0; }; com.apple.Push = { enabled = 0; }; com.apple.Sandbox = { enabled = 0; }; }; };8B61D45529D9E0859A9161DA = { SystemCapabilities = {com.apple.ApplicationGroups.iOS = { enabled = 0; }; com.apple.InAppPurchase = { enabled = 0; }; com.apple.InterAppAudio = { enabled = 0; }; com.apple.Push = { enabled = 0; }; com.apple.Sandbox = { enabled = 0; }; }; };C2D99659EF23BC6153B6228B = { SystemCapabilities = {com.apple.ApplicationGroups.iOS = { enabled = 0; }; com.apple.InAppPurchase = { enabled = 0; }; com.apple.InterAppAudio = { enabled = 0; }; com.apple.Push = { enabled = 0; }; com.apple.Sandbox = { enabled = 0; }; }; };BC399657BD9F8D6A173D4247 = { SystemCapabilities = {com.apple.ApplicationGroups.iOS = { enabled = 0; }; com.apple.InAppPurchase = { enabled = 0; }; com.apple.InterAppAudio = { enabled = 0; }; com.apple.Push = { enabled = 0; }; com.apple.Sandbox = { enabled = 0; }; }; }; }; };
			compatibilityVersion = "Xcode 3.2";
			hasScannedForEncodings = 0;
			mainGroup = 30A1F65CD65FF3FC6AA98386;
			projectDirPath = "";
			projectRoot = "";
			targets = (0F9A4CBD1E2E6408D74885D6, 262F5A8E4FC5FDA3D671C6D1, 8B61D45529D9E0859A9161DA, C2D99659EF23BC6153B6228B, BC399657BD9F8D6A173D4247);
		};
	};
	rootObject = F2AA30D94BF1ECEBA2F79B2B;
}
