// !$*UTF8*$!
{
	archiveVersion = 1;
	classes = {
	};
	objectVersion = 46;
	objects = {
		1141551716F7B64E82EC2AB5 = {
			isa = PBXBuildFile;
			fileRef = 7DFEDFA5823DFC3AC750FE38;
		};
		D7B6DD1A958BCDEEFDB62578 = {
			isa = PBXBuildFile;
			fileRef = 93538AC94652077943A6F0E2;
		};
		4E48EC5841A7ACFB968C620E = {
			isa = PBXBuildFile;
			fileRef = 717926839E77451E5ABFF345;
		};
		2657DDE1383837A9DDA2C57B = {
			isa = PBXBuildFile;
			fileRef = E9CD9C47172C5E80AEF57607;
		};
		7710BF8EBA51B1E1EE3471A1 = {
			isa = PBXBuildFile;
			fileRef = 324B3BE938A3F5528E3CBC94;
		};
		1BE32175E16F839926396820 = {
			isa = PBXBuildFile;
			fileRef = 2E6AC46C9A27303738A62637;
		};
		E747883D75323C74C0E1A4CF = {
			isa = PBXBuildFile;
			fileRef = C7F80BF77B7B74D41ED10A28;
		};
		91BC4B4D512C1DEB4127675D = {
			isa = PBXBuildFile;
			fileRef = B92BE564D8B1552181842DA1;
		};
		631A7C35515416EE8E225854 = {
			isa = PBXBuildFile;
			fileRef = E0204F9103AFB9297A02ED75;
		};
		025CC6A48816512CA1B2514A = {
			isa = PBXBuildFile;
			fileRef = 1E2F2EC65F35180ABB8FA4B9;
		};
		3CC8D7727507203E9A7F3531 = {
			isa = PBXBuildFile;
			fileRef = A98DF30920E63F029360F9E4;
		};
		9F641F4A448324FBDCF19442 = {
			isa = PBXBuildFile;
			fileRef = 90D15BB92A056A00A110B9DF;
		};
		71EC010994B6A6AD26719667 = {
			isa = PBXBuildFile;
			fileRef = A5EBA943AFBC9BB404AB2B97;
		};
		B5DCAF0152655ADAFD42D781 = {
			isa = PBXBuildFile;
			fileRef = 623F0AEB087954D4D0C48DE3;
		};
		E0747EAC3ECEC19A08A56231 = {
			isa = PBXBuildFile;
			fileRef = 13CEB132A7720CC65881AEB7;
		};
		E3375AD4C7A64E13C207574B = {
			isa = PBXBuildFile;
			fileRef = 329D7E6E6B94B9CA39B87155;
		};
		CEF0259D22DC901154886433 = {
			isa = PBXBuildFile;
			fileRef = F2183C0273698F9DFFE0EF56;
		};
		B133735BC3314F3FC30C4414 = {
			isa = PBXBuildFile;
			fileRef = 185FE4791E11AECC8C150A4F;
		};
		5C5FF1DE69337D4DE10C6563 = {
			isa = PBXBuildFile;
			fileRef = 77C0372E1B62CC68584976D1;
		};
		442B1E1694ABE0C655A9CCCE = {
			isa = PBXBuildFile;
			fileRef = 1009D51A4D14B0437DD176DF;
		};
		8C807E4718DB77EF18E0131D = {
			isa = PBXBuildFile;
			fileRef = 71FE94F12CFEED0FC4EE73B2;
		};
		1ED404C82F6F912FDA3F3006 = {
			isa = PBXBuildFile;
			fileRef = FC82567FDBD161AD3E4122F9;
		};
		DDA89D6BEF2722E5740EE509 = {
			isa = PBXBuildFile;
			fileRef = 752D4270C6C275DE3CE98D21;
		};
		50FCFA3B1891F17B17337587 = {
			isa = PBXBuildFile;
			fileRef = 246D564510848E2231E790E4;
		};
		82D8DF6938C15491C41AB5A7 = {
			isa = PBXBuildFile;
			fileRef = 38B10762BBBC062E2745A530;
		};
		2A8FEBA7ED7E80ED69AEC5D0 = {
			isa = PBXBuildFile;
			fileRef = 25B51C8FE5A53A931A5B9091;
		};
		80441D13F4ACDECC998BE220 = {
			isa = PBXBuildFile;
			fileRef = 242118EB4CB03345E933C79D;
		};
		6D24FCCEBE531E82A05CB559 = {
			isa = PBXBuildFile;
			fileRef = 07C774F05FABDD3AC511EC33;
		};
		735B78E5B9EE97C384B0EB0F = {
			isa = PBXBuildFile;
			fileRef = 8D66D1834F03976E9EAFEABF;
		};
		3C21AF3B38692AEC6C142A40 = {
			isa = PBXBuildFile;
			fileRef = EDB44087A07B8E04091DB818;
		};
		63A8E620088761471659A8A0 = {
			isa = PBXBuildFile;
			fileRef = AC302071D1FFD33378F99B97;
		};
		BCC8283A10E6141AFD0EDD46 = {
			isa = PBXBuildFile;
			fileRef = D35619B7EE3EFAEFFB20562B;
		};
		A23025C3BC81968D75981431 = {
			isa = PBXBuildFile;
			fileRef = F5F3DF13A1D89D610BA4BE9A;
		};
		77BF5FEFEDF77D2A83D32EC2 = {
			isa = PBXBuildFile;
			fileRef = A633E6D197E4298E47F4FE11;
		};
		FCB41AD3B20410251BB81CF3 = {
			isa = PBXBuildFile;
			fileRef = 030B2C28B0193634311646BA;
		};
		FDD6A5162D67667203386E58 = {
			isa = PBXBuildFile;
			fileRef = D56F3557EAF8DCCCC58FF82C;
		};
		DADBA3006378C118EF9DA36E = {
			isa = PBXBuildFile;
			fileRef = 16198DDF1679459690145498;
		};
		5B61F914B30448FBFEABBF06 = {
			isa = PBXBuildFile;
			fileRef = C993F0A4D5125B62AFE6AD60;
		};
		CC1EBE3DA6401EAAFE174063 = {
			isa = PBXBuildFile;
			fileRef = CF2AD88AE072E179925D3A42;
		};
		738D7245B4FBC6055DC0CFDB = {
			isa = PBXBuildFile;
			fileRef = 4F22852424649E95048FD806;
		};
		030B2C28B0193634311646BA = {
			isa = PBXFileReference;
			lastKnownFileType = sourcecode.cpp.objcpp;
			name = "include_juce_data_structures.mm";
			path = "../../JuceLibraryCode/include_juce_data_structures.mm";
			sourceTree = "SOURCE_ROOT";
		};
		07C774F05FABDD3AC511EC33 = {
			isa = PBXFileReference;
			lastKnownFileType = sourcecode.cpp.cpp;
			name = "include_juce_audio_plugin_client_utils.cpp";
			path = "../../JuceLibraryCode/include_juce_audio_plugin_client_utils.cpp";
			sourceTree = "SOURCE_ROOT";
		};
		1009D51A4D14B0437DD176DF = {
			isa = PBXFileReference;
			lastKnownFileType = sourcecode.cpp.cpp;
			name = PluginEditor.cpp;
			path = ../../Source/PluginEditor.cpp;
			sourceTree = "SOURCE_ROOT";
		};
		13CEB132A7720CC65881AEB7 = {
			isa = PBXFileReference;
			lastKnownFileType = wrapper.framework;
			name = OpenGL.framework;
			path = System/Library/Frameworks/OpenGL.framework;
			sourceTree = SDKROOT;
		};
		16198DDF1679459690145498 = {
			isa = PBXFileReference;
			lastKnownFileType = sourcecode.cpp.objcpp;
			name = "include_juce_graphics.mm";
			path = "../../JuceLibraryCode/include_juce_graphics.mm";
			sourceTree = "SOURCE_ROOT";
		};
		185FE4791E11AECC8C150A4F = {
			isa = PBXFileReference;
			lastKnownFileType = file.nib;
			name = RecentFilesMenuTemplate.nib;
			path = RecentFilesMenuTemplate.nib;
			sourceTree = "SOURCE_ROOT";
		};
		1D298F0B95ACCC893485EA0C = {
			isa = PBXFileReference;
			lastKnownFileType = file;
			name = "juce_audio_devices";
			path = "../../JuceLibraryCode/modules/juce_audio_devices";
			sourceTree = "SOURCE_ROOT";
		};
		1E2F2EC65F35180ABB8FA4B9 = {
			isa = PBXFileReference;
			lastKnownFileType = wrapper.framework;
			name = CoreAudio.framework;
			path = System/Library/Frameworks/CoreAudio.framework;
			sourceTree = SDKROOT;
		};
		242118EB4CB03345E933C79D = {
			isa = PBXFileReference;
			lastKnownFileType = sourcecode.cpp.cpp;
			name = "include_juce_audio_plugin_client_Standalone.cpp";
			path = "../../JuceLibraryCode/include_juce_audio_plugin_client_Standalone.cpp";
			sourceTree = "SOURCE_ROOT";
		};
		246D564510848E2231E790E4 = {
			isa = PBXFileReference;
			lastKnownFileType = file.r;
			name = "include_juce_audio_plugin_client_AU.r";
			path = "../../JuceLibraryCode/include_juce_audio_plugin_client_AU.r";
			sourceTree = "SOURCE_ROOT";
		};
		2584A3986D46E1188281FA21 = {
			isa = PBXFileReference;
			lastKnownFileType = file;
			name = "juce_cryptography";
			path = "../../JuceLibraryCode/modules/juce_cryptography";
			sourceTree = "SOURCE_ROOT";
		};
		25B51C8FE5A53A931A5B9091 = {
			isa = PBXFileReference;
			lastKnownFileType = sourcecode.cpp.objcpp;
			name = "include_juce_audio_plugin_client_AU_2.mm";
			path = "../../JuceLibraryCode/include_juce_audio_plugin_client_AU_2.mm";
			sourceTree = "SOURCE_ROOT";
		};
		278B42F7DA250E2E3953F072 = {
			isa = PBXFileReference;
			lastKnownFileType = file;
			name = "juce_audio_plugin_client";
			path = "../../JuceLibraryCode/modules/juce_audio_plugin_client";
			sourceTree = "SOURCE_ROOT";
		};
		2C3125BEAEBD1E7E406ED86C = {
			isa = PBXFileReference;
			lastKnownFileType = sourcecode.c.h;
			name = PluginProcessor.h;
			path = ../../Source/PluginProcessor.h;
			sourceTree = "SOURCE_ROOT";
		};
		2E6AC46C9A27303738A62637 = {
			isa = PBXFileReference;
			lastKnownFileType = wrapper.framework;
			name = AudioToolbox.framework;
			path = System/Library/Frameworks/AudioToolbox.framework;
			sourceTree = SDKROOT;
		};
		324B3BE938A3F5528E3CBC94 = {
			isa = PBXFileReference;
			lastKnownFileType = wrapper.framework;
			name = Accelerate.framework;
			path = System/Library/Frameworks/Accelerate.framework;
			sourceTree = SDKROOT;
		};
		329D7E6E6B94B9CA39B87155 = {
			isa = PBXFileReference;
			lastKnownFileType = wrapper.framework;
			name = QuartzCore.framework;
			path = System/Library/Frameworks/QuartzCore.framework;
			sourceTree = SDKROOT;
		};
		38B10762BBBC062E2745A530 = {
			isa = PBXFileReference;
			lastKnownFileType = sourcecode.cpp.objcpp;
			name = "include_juce_audio_plugin_client_AU_1.mm";
			path = "../../JuceLibraryCode/include_juce_audio_plugin_client_AU_1.mm";
			sourceTree = "SOURCE_ROOT";
		};
		4D3CABC55A166A6BDFC49AF0 = {
			isa = PBXFileReference;
			lastKnownFileType = file;
			name = "juce_events";
			path = "../../JuceLibraryCode/modules/juce_events";
			sourceTree = "SOURCE_ROOT";
		};
		4F22852424649E95048FD806 = {
			isa = PBXFileReference;
			lastKnownFileType = sourcecode.cpp.objcpp;
			name = "include_juce_opengl.mm";
			path = "../../JuceLibraryCode/include_juce_opengl.mm";
			sourceTree = "SOURCE_ROOT";
		};
		623F0AEB087954D4D0C48DE3 = {
			isa = PBXFileReference;
			lastKnownFileType = wrapper.framework;
			name = IOKit.framework;
			path = System/Library/Frameworks/IOKit.framework;
			sourceTree = SDKROOT;
		};
		69B27F18C755B18A1040D91F = {
			isa = PBXFileReference;
			lastKnownFileType = sourcecode.c.h;
			name = AppConfig.h;
			path = ../../JuceLibraryCode/AppConfig.h;
			sourceTree = "SOURCE_ROOT";
		};
		71FE94F12CFEED0FC4EE73B2 = {
			isa = PBXFileReference;
			lastKnownFileType = sourcecode.cpp.objcpp;
			name = "include_juce_audio_basics.mm";
			path = "../../JuceLibraryCode/include_juce_audio_basics.mm";
			sourceTree = "SOURCE_ROOT";
		};
		752D4270C6C275DE3CE98D21 = {
			isa = PBXFileReference;
			lastKnownFileType = sourcecode.cpp.objcpp;
			name = "include_juce_audio_formats.mm";
			path = "../../JuceLibraryCode/include_juce_audio_formats.mm";
			sourceTree = "SOURCE_ROOT";
		};
		7DFEDFA5823DFC3AC750FE38 = {
			isa = PBXFileReference;
			explicitFileType = wrapper.cfbundle;
			includeInIndex = 0;
			path = synthboy.vst3;
			sourceTree = "BUILT_PRODUCTS_DIR";
		};
		89B1C28BF42363D75319CF9A = {
			isa = PBXFileReference;
			lastKnownFileType = text.plist.xml;
			name = "Info-Standalone_Plugin.plist";
			path = "Info-Standalone_Plugin.plist";
			sourceTree = "SOURCE_ROOT";
		};
		93538AC94652077943A6F0E2 = {
			isa = PBXFileReference;
			explicitFileType = wrapper.cfbundle;
			includeInIndex = 0;
			path = synthboy.component;
			sourceTree = "BUILT_PRODUCTS_DIR";
		};
		717926839E77451E5ABFF345 = {
			isa = PBXFileReference;
			explicitFileType = wrapper.application;
			includeInIndex = 0;
			path = synthboy.app;
			sourceTree = "BUILT_PRODUCTS_DIR";
		};
		725776C8F06498BED5328C46 = {
			isa = PBXFileReference;
			lastKnownFileType = text.plist.xml;
			name = synthboy.entitlements;
			path = synthboy.entitlements;
			sourceTree = "SOURCE_ROOT";
		};
		77C0372E1B62CC68584976D1 = {
			isa = PBXFileReference;
			lastKnownFileType = sourcecode.cpp.cpp;
			name = PluginProcessor.cpp;
			path = ../../Source/PluginProcessor.cpp;
			sourceTree = "SOURCE_ROOT";
		};
		7C84936F843004268E45573F = {
			isa = PBXFileReference;
			lastKnownFileType = file;
			name = "juce_graphics";
			path = "../../JuceLibraryCode/modules/juce_graphics";
			sourceTree = "SOURCE_ROOT";
		};
		8D66D1834F03976E9EAFEABF = {
			isa = PBXFileReference;
			lastKnownFileType = sourcecode.cpp.objcpp;
			name = "include_juce_audio_plugin_client_VST_utils.mm";
			path = "../../JuceLibraryCode/include_juce_audio_plugin_client_VST_utils.mm";
			sourceTree = "SOURCE_ROOT";
		};
		90D15BB92A056A00A110B9DF = {
			isa = PBXFileReference;
			lastKnownFileType = wrapper.framework;
			name = CoreMIDI.framework;
			path = System/Library/Frameworks/CoreMIDI.framework;
			sourceTree = SDKROOT;
		};
		92283042B72C00A270AC57DA = {
			isa = PBXFileReference;
			lastKnownFileType = file;
			name = "juce_audio_utils";
			path = "../../JuceLibraryCode/modules/juce_audio_utils";
			sourceTree = "SOURCE_ROOT";
		};
		A5EBA943AFBC9BB404AB2B97 = {
			isa = PBXFileReference;
			lastKnownFileType = wrapper.framework;
			name = DiscRecording.framework;
			path = System/Library/Frameworks/DiscRecording.framework;
			sourceTree = SDKROOT;
		};
		A633E6D197E4298E47F4FE11 = {
			isa = PBXFileReference;
			lastKnownFileType = sourcecode.cpp.objcpp;
			name = "include_juce_cryptography.mm";
			path = "../../JuceLibraryCode/include_juce_cryptography.mm";
			sourceTree = "SOURCE_ROOT";
		};
		A98DF30920E63F029360F9E4 = {
			isa = PBXFileReference;
			lastKnownFileType = wrapper.framework;
			name = CoreAudioKit.framework;
			path = System/Library/Frameworks/CoreAudioKit.framework;
			sourceTree = SDKROOT;
		};
		A9EFC74C3251AAA85246AC51 = {
			isa = PBXFileReference;
			lastKnownFileType = sourcecode.c.h;
			name = JuceHeader.h;
			path = ../../JuceLibraryCode/JuceHeader.h;
			sourceTree = "SOURCE_ROOT";
		};
		AC302071D1FFD33378F99B97 = {
			isa = PBXFileReference;
			lastKnownFileType = sourcecode.cpp.objcpp;
			name = "include_juce_audio_processors.mm";
			path = "../../JuceLibraryCode/include_juce_audio_processors.mm";
			sourceTree = "SOURCE_ROOT";
		};
		B43C91EC76E8FD3CFD6B5E7D = {
			isa = PBXFileReference;
			lastKnownFileType = file;
			name = "juce_gui_extra";
			path = "../../JuceLibraryCode/modules/juce_gui_extra";
			sourceTree = "SOURCE_ROOT";
		};
		B4E915311F7CF3E25823D3CA = {
			isa = PBXFileReference;
			lastKnownFileType = file;
			name = "juce_opengl";
			path = "../../JuceLibraryCode/modules/juce_opengl";
			sourceTree = "SOURCE_ROOT";
		};
		B92BE564D8B1552181842DA1 = {
			isa = PBXFileReference;
			lastKnownFileType = wrapper.framework;
			name = Carbon.framework;
			path = System/Library/Frameworks/Carbon.framework;
			sourceTree = SDKROOT;
		};
		C7F80BF77B7B74D41ED10A28 = {
			isa = PBXFileReference;
			lastKnownFileType = wrapper.framework;
			name = AudioUnit.framework;
			path = System/Library/Frameworks/AudioUnit.framework;
			sourceTree = SDKROOT;
		};
		C993F0A4D5125B62AFE6AD60 = {
			isa = PBXFileReference;
			lastKnownFileType = sourcecode.cpp.objcpp;
			name = "include_juce_gui_basics.mm";
			path = "../../JuceLibraryCode/include_juce_gui_basics.mm";
			sourceTree = "SOURCE_ROOT";
		};
		CF2AD88AE072E179925D3A42 = {
			isa = PBXFileReference;
			lastKnownFileType = sourcecode.cpp.objcpp;
			name = "include_juce_gui_extra.mm";
			path = "../../JuceLibraryCode/include_juce_gui_extra.mm";
			sourceTree = "SOURCE_ROOT";
		};
		D35619B7EE3EFAEFFB20562B = {
			isa = PBXFileReference;
			lastKnownFileType = sourcecode.cpp.objcpp;
			name = "include_juce_audio_utils.mm";
			path = "../../JuceLibraryCode/include_juce_audio_utils.mm";
			sourceTree = "SOURCE_ROOT";
		};
		D56F3557EAF8DCCCC58FF82C = {
			isa = PBXFileReference;
			lastKnownFileType = sourcecode.cpp.objcpp;
			name = "include_juce_events.mm";
			path = "../../JuceLibraryCode/include_juce_events.mm";
			sourceTree = "SOURCE_ROOT";
		};
		D778E27B197BA98C18EF2B2C = {
			isa = PBXFileReference;
			lastKnownFileType = file;
			name = "juce_gui_basics";
			path = "../../JuceLibraryCode/modules/juce_gui_basics";
			sourceTree = "SOURCE_ROOT";
		};
		D8FB45D467389C23DD08660C = {
			isa = PBXFileReference;
			lastKnownFileType = file;
			name = "juce_data_structures";
			path = "../../JuceLibraryCode/modules/juce_data_structures";
			sourceTree = "SOURCE_ROOT";
		};
		DD2E66246EEA2CBE00AC828B = {
			isa = PBXFileReference;
			lastKnownFileType = file;
			name = "juce_core";
			path = "../../JuceLibraryCode/modules/juce_core";
			sourceTree = "SOURCE_ROOT";
		};
		E0204F9103AFB9297A02ED75 = {
			isa = PBXFileReference;
			lastKnownFileType = wrapper.framework;
			name = Cocoa.framework;
			path = System/Library/Frameworks/Cocoa.framework;
			sourceTree = SDKROOT;
		};
		E12733272AE6D5B0697CCECC = {
			isa = PBXFileReference;
			lastKnownFileType = file;
			name = "juce_audio_processors";
			path = "../../JuceLibraryCode/modules/juce_audio_processors";
			sourceTree = "SOURCE_ROOT";
		};
		E42576F537907D31115778EE = {
			isa = PBXFileReference;
			lastKnownFileType = sourcecode.c.h;
			name = PluginEditor.h;
			path = ../../Source/PluginEditor.h;
			sourceTree = "SOURCE_ROOT";
		};
		E9CD9C47172C5E80AEF57607 = {
			isa = PBXFileReference;
			explicitFileType = archive.ar;
			includeInIndex = 0;
			path = libsynthboy.a;
			sourceTree = "BUILT_PRODUCTS_DIR";
		};
		EA5BE09BB0D4C794F596E449 = {
			isa = PBXFileReference;
			lastKnownFileType = text.plist.xml;
			name = "Info-AU.plist";
			path = "Info-AU.plist";
			sourceTree = "SOURCE_ROOT";
		};
		ED0AD35CC4579D73AFD76120 = {
			isa = PBXFileReference;
			lastKnownFileType = text.plist.xml;
			name = "Info-VST3.plist";
			path = "Info-VST3.plist";
			sourceTree = "SOURCE_ROOT";
		};
		EDB44087A07B8E04091DB818 = {
			isa = PBXFileReference;
			lastKnownFileType = sourcecode.cpp.cpp;
			name = "include_juce_audio_plugin_client_VST3.cpp";
			path = "../../JuceLibraryCode/include_juce_audio_plugin_client_VST3.cpp";
			sourceTree = "SOURCE_ROOT";
		};
		F2183C0273698F9DFFE0EF56 = {
			isa = PBXFileReference;
			lastKnownFileType = wrapper.framework;
			name = WebKit.framework;
			path = System/Library/Frameworks/WebKit.framework;
			sourceTree = SDKROOT;
		};
		F260391A3A0DC3560C4CD593 = {
			isa = PBXFileReference;
			lastKnownFileType = file;
			name = "juce_audio_formats";
			path = "../../JuceLibraryCode/modules/juce_audio_formats";
			sourceTree = "SOURCE_ROOT";
		};
		F3F345DC96A21EC9127380BF = {
			isa = PBXFileReference;
			lastKnownFileType = file;
			name = "juce_audio_basics";
			path = "../../JuceLibraryCode/modules/juce_audio_basics";
			sourceTree = "SOURCE_ROOT";
		};
		F5F3DF13A1D89D610BA4BE9A = {
			isa = PBXFileReference;
			lastKnownFileType = sourcecode.cpp.objcpp;
			name = "include_juce_core.mm";
			path = "../../JuceLibraryCode/include_juce_core.mm";
			sourceTree = "SOURCE_ROOT";
		};
		FC82567FDBD161AD3E4122F9 = {
			isa = PBXFileReference;
			lastKnownFileType = sourcecode.cpp.objcpp;
			name = "include_juce_audio_devices.mm";
			path = "../../JuceLibraryCode/include_juce_audio_devices.mm";
			sourceTree = "SOURCE_ROOT";
		};
		E876AE1D4355B72F3380EAE7 = {
			isa = PBXGroup;
			children = (
				77C0372E1B62CC68584976D1,
				2C3125BEAEBD1E7E406ED86C,
				1009D51A4D14B0437DD176DF,
				E42576F537907D31115778EE,
			);
			name = Source;
			sourceTree = "<group>";
		};
		70D5765EF1B475DE0BF341EE = {
			isa = PBXGroup;
			children = (
				E876AE1D4355B72F3380EAE7,
			);
			name = synthboy;
			sourceTree = "<group>";
		};
		F26BCFB1720A2DD4FE04D219 = {
			isa = PBXGroup;
			children = (
				F3F345DC96A21EC9127380BF,
				1D298F0B95ACCC893485EA0C,
				F260391A3A0DC3560C4CD593,
				278B42F7DA250E2E3953F072,
				E12733272AE6D5B0697CCECC,
				92283042B72C00A270AC57DA,
				DD2E66246EEA2CBE00AC828B,
				2584A3986D46E1188281FA21,
				D8FB45D467389C23DD08660C,
				4D3CABC55A166A6BDFC49AF0,
				7C84936F843004268E45573F,
				D778E27B197BA98C18EF2B2C,
				B43C91EC76E8FD3CFD6B5E7D,
				B4E915311F7CF3E25823D3CA,
			);
			name = "JUCE Modules";
			sourceTree = "<group>";
		};
		165190CEB994641E09FC47BD = {
			isa = PBXGroup;
			children = (
				69B27F18C755B18A1040D91F,
				71FE94F12CFEED0FC4EE73B2,
				FC82567FDBD161AD3E4122F9,
				752D4270C6C275DE3CE98D21,
				246D564510848E2231E790E4,
				38B10762BBBC062E2745A530,
				25B51C8FE5A53A931A5B9091,
				242118EB4CB03345E933C79D,
				07C774F05FABDD3AC511EC33,
				8D66D1834F03976E9EAFEABF,
				EDB44087A07B8E04091DB818,
				AC302071D1FFD33378F99B97,
				D35619B7EE3EFAEFFB20562B,
				F5F3DF13A1D89D610BA4BE9A,
				A633E6D197E4298E47F4FE11,
				030B2C28B0193634311646BA,
				D56F3557EAF8DCCCC58FF82C,
				16198DDF1679459690145498,
				C993F0A4D5125B62AFE6AD60,
				CF2AD88AE072E179925D3A42,
				4F22852424649E95048FD806,
				A9EFC74C3251AAA85246AC51,
			);
			name = "JUCE Library Code";
			sourceTree = "<group>";
		};
		04FF3600F5D808E25B0315CA = {
			isa = PBXGroup;
			children = (
				ED0AD35CC4579D73AFD76120,
				EA5BE09BB0D4C794F596E449,
				89B1C28BF42363D75319CF9A,
				185FE4791E11AECC8C150A4F,
			);
			name = Resources;
			sourceTree = "<group>";
		};
		AE206DA2FD8AE5E86784C333 = {
			isa = PBXGroup;
			children = (
				324B3BE938A3F5528E3CBC94,
				2E6AC46C9A27303738A62637,
				C7F80BF77B7B74D41ED10A28,
				B92BE564D8B1552181842DA1,
				E0204F9103AFB9297A02ED75,
				1E2F2EC65F35180ABB8FA4B9,
				A98DF30920E63F029360F9E4,
				90D15BB92A056A00A110B9DF,
				A5EBA943AFBC9BB404AB2B97,
				623F0AEB087954D4D0C48DE3,
				13CEB132A7720CC65881AEB7,
				329D7E6E6B94B9CA39B87155,
				F2183C0273698F9DFFE0EF56,
			);
			name = Frameworks;
			sourceTree = "<group>";
		};
		FE449D73774EB5CF6744214E = {
			isa = PBXGroup;
			children = (
				7DFEDFA5823DFC3AC750FE38,
				93538AC94652077943A6F0E2,
				717926839E77451E5ABFF345,
				E9CD9C47172C5E80AEF57607,
			);
			name = Products;
			sourceTree = "<group>";
		};
		D483C51AAD91DA5779CF06D5 = {
			isa = PBXGroup;
			children = (
				725776C8F06498BED5328C46,
				70D5765EF1B475DE0BF341EE,
				F26BCFB1720A2DD4FE04D219,
				165190CEB994641E09FC47BD,
				04FF3600F5D808E25B0315CA,
				AE206DA2FD8AE5E86784C333,
				FE449D73774EB5CF6744214E,
			);
			name = Source;
			sourceTree = "<group>";
		};
		889EC73A8E29D40B53BD4A66 = {
			isa = XCBuildConfiguration;
			buildSettings = {
				MACOSX_DEPLOYMENT_TARGET = 10.11;
			};
			name = Debug;
		};
		DD643177B1B09194EAF0D0DF = {
			isa = XCBuildConfiguration;
			buildSettings = {
				MACOSX_DEPLOYMENT_TARGET = 10.11;
			};
			name = Release;
		};
		A1C1C85ED8CB811B03CB4881 = {
			isa = XCBuildConfiguration;
			buildSettings = {
				CLANG_CXX_LANGUAGE_STANDARD = "c++14";
				CLANG_CXX_LIBRARY = "libc++";
				CLANG_LINK_OBJC_RUNTIME = NO;
				COMBINE_HIDPI_IMAGES = YES;
				CONFIGURATION_BUILD_DIR = "$(PROJECT_DIR)/build/$(CONFIGURATION)";
				COPY_PHASE_STRIP = NO;
				DEPLOYMENT_LOCATION = YES;
				DSTROOT = /;
				GCC_DYNAMIC_NO_PIC = NO;
				GCC_OPTIMIZATION_LEVEL = 0;
				GCC_PREPROCESSOR_DEFINITIONS = (
					"_DEBUG=1",
					"DEBUG=1",
					"JUCER_XCODE_MAC_F6D2F4CF=1",
					"JUCE_APP_VERSION=1.0.0",
					"JUCE_APP_VERSION_HEX=0x10000",
					"JucePlugin_Build_VST=0",
					"JucePlugin_Build_VST3=1",
					"JucePlugin_Build_AU=0",
					"JucePlugin_Build_AUv3=0",
					"JucePlugin_Build_RTAS=0",
					"JucePlugin_Build_AAX=0",
					"JucePlugin_Build_Standalone=0",
					"JucePlugin_Build_Unity=0",
				);
				GCC_VERSION = com.apple.compilers.llvm.clang.1_0;
				GENERATE_PKGINFO_FILE = YES;
				HEADER_SEARCH_PATHS = (
					"../../depencies/VST3_SDK",
					"../../JuceLibraryCode",
					"../../JuceLibraryCode/modules",
					"../../JuceLibraryCode/modules/juce_audio_plugin_client",
					"$(inherited)",
				);
				INFOPLIST_FILE = Info-VST3.plist;
				INFOPLIST_PREPROCESS = NO;
				INSTALL_PATH = "$(HOME)/Library/Audio/Plug-Ins/VST3/";
				LIBRARY_STYLE = Bundle;
				MACOSX_DEPLOYMENT_TARGET = 10.11;
				OTHER_LDFLAGS = "-bundle -lsynthboy";
				PRODUCT_BUNDLE_IDENTIFIER = com.EE400D.synthboy;
				PRODUCT_NAME = "synthboy";
				USE_HEADERMAP = NO;
				WRAPPER_EXTENSION = vst3;
			};
			name = Debug;
		};
		463B8A53263E10427866B646 = {
			isa = XCBuildConfiguration;
			buildSettings = {
				CLANG_CXX_LANGUAGE_STANDARD = "c++14";
				CLANG_CXX_LIBRARY = "libc++";
				CLANG_LINK_OBJC_RUNTIME = NO;
				COMBINE_HIDPI_IMAGES = YES;
				CONFIGURATION_BUILD_DIR = "$(PROJECT_DIR)/build/$(CONFIGURATION)";
				DEAD_CODE_STRIPPING = YES;
				DEPLOYMENT_LOCATION = YES;
				DSTROOT = /;
				GCC_GENERATE_DEBUGGING_SYMBOLS = NO;
				GCC_OPTIMIZATION_LEVEL = 3;
				GCC_PREPROCESSOR_DEFINITIONS = (
					"_NDEBUG=1",
					"NDEBUG=1",
					"JUCER_XCODE_MAC_F6D2F4CF=1",
					"JUCE_APP_VERSION=1.0.0",
					"JUCE_APP_VERSION_HEX=0x10000",
					"JucePlugin_Build_VST=0",
					"JucePlugin_Build_VST3=1",
					"JucePlugin_Build_AU=0",
					"JucePlugin_Build_AUv3=0",
					"JucePlugin_Build_RTAS=0",
					"JucePlugin_Build_AAX=0",
					"JucePlugin_Build_Standalone=0",
					"JucePlugin_Build_Unity=0",
				);
				GCC_SYMBOLS_PRIVATE_EXTERN = YES;
				GCC_VERSION = com.apple.compilers.llvm.clang.1_0;
				GENERATE_PKGINFO_FILE = YES;
				HEADER_SEARCH_PATHS = (
					"../../depencies/VST3_SDK",
					"../../JuceLibraryCode",
					"../../JuceLibraryCode/modules",
					"../../JuceLibraryCode/modules/juce_audio_plugin_client",
					"$(inherited)",
				);
				INFOPLIST_FILE = Info-VST3.plist;
				INFOPLIST_PREPROCESS = NO;
				INSTALL_PATH = "$(HOME)/Library/Audio/Plug-Ins/VST3/";
				LIBRARY_STYLE = Bundle;
				LLVM_LTO = YES;
				MACOSX_DEPLOYMENT_TARGET = 10.11;
				OTHER_LDFLAGS = "-bundle -lsynthboy";
				PRODUCT_BUNDLE_IDENTIFIER = com.EE400D.synthboy;
				PRODUCT_NAME = "synthboy";
				USE_HEADERMAP = NO;
				WRAPPER_EXTENSION = vst3;
			};
			name = Release;
		};
		F12FCF4E00647F61D815457F = {
			isa = XCBuildConfiguration;
			buildSettings = {
				CLANG_CXX_LANGUAGE_STANDARD = "c++14";
				CLANG_CXX_LIBRARY = "libc++";
				CLANG_LINK_OBJC_RUNTIME = NO;
				COMBINE_HIDPI_IMAGES = YES;
				CONFIGURATION_BUILD_DIR = "$(PROJECT_DIR)/build/$(CONFIGURATION)";
				COPY_PHASE_STRIP = NO;
				DEPLOYMENT_LOCATION = YES;
				DSTROOT = /;
				GCC_DYNAMIC_NO_PIC = NO;
				GCC_OPTIMIZATION_LEVEL = 0;
				GCC_PREPROCESSOR_DEFINITIONS = (
					"_DEBUG=1",
					"DEBUG=1",
					"JUCER_XCODE_MAC_F6D2F4CF=1",
					"JUCE_APP_VERSION=1.0.0",
					"JUCE_APP_VERSION_HEX=0x10000",
					"JucePlugin_Build_VST=0",
					"JucePlugin_Build_VST3=0",
					"JucePlugin_Build_AU=1",
					"JucePlugin_Build_AUv3=0",
					"JucePlugin_Build_RTAS=0",
					"JucePlugin_Build_AAX=0",
					"JucePlugin_Build_Standalone=0",
					"JucePlugin_Build_Unity=0",
				);
				GCC_VERSION = com.apple.compilers.llvm.clang.1_0;
				GENERATE_PKGINFO_FILE = YES;
				HEADER_SEARCH_PATHS = (
					"../../depencies/VST3_SDK",
					"../../JuceLibraryCode",
					"../../JuceLibraryCode/modules",
					"../../JuceLibraryCode/modules/juce_audio_plugin_client",
					"$(inherited)",
				);
				INFOPLIST_FILE = Info-AU.plist;
				INFOPLIST_PREPROCESS = NO;
				INSTALL_PATH = "$(HOME)/Library/Audio/Plug-Ins/Components/";
				LIBRARY_STYLE = Bundle;
				MACOSX_DEPLOYMENT_TARGET = 10.11;
				OTHER_LDFLAGS = "-bundle -lsynthboy";
				OTHER_REZFLAGS = "-d ppc_$ppc -d i386_$i386 -d ppc64_$ppc64 -d x86_64_$x86_64 -I /System/Library/Frameworks/CoreServices.framework/Frameworks/CarbonCore.framework/Versions/A/Headers -I \"$(DEVELOPER_DIR)/Extras/CoreAudio/AudioUnits/AUPublic/AUBase\"";
				PRODUCT_BUNDLE_IDENTIFIER = com.EE400D.synthboy;
				PRODUCT_NAME = "synthboy";
				USE_HEADERMAP = NO;
				WRAPPER_EXTENSION = component;
			};
			name = Debug;
		};
		92F6621B1D8756DE896E0218 = {
			isa = XCBuildConfiguration;
			buildSettings = {
				CLANG_CXX_LANGUAGE_STANDARD = "c++14";
				CLANG_CXX_LIBRARY = "libc++";
				CLANG_LINK_OBJC_RUNTIME = NO;
				COMBINE_HIDPI_IMAGES = YES;
				CONFIGURATION_BUILD_DIR = "$(PROJECT_DIR)/build/$(CONFIGURATION)";
				DEAD_CODE_STRIPPING = YES;
				DEPLOYMENT_LOCATION = YES;
				DSTROOT = /;
				GCC_GENERATE_DEBUGGING_SYMBOLS = NO;
				GCC_OPTIMIZATION_LEVEL = 3;
				GCC_PREPROCESSOR_DEFINITIONS = (
					"_NDEBUG=1",
					"NDEBUG=1",
					"JUCER_XCODE_MAC_F6D2F4CF=1",
					"JUCE_APP_VERSION=1.0.0",
					"JUCE_APP_VERSION_HEX=0x10000",
					"JucePlugin_Build_VST=0",
					"JucePlugin_Build_VST3=0",
					"JucePlugin_Build_AU=1",
					"JucePlugin_Build_AUv3=0",
					"JucePlugin_Build_RTAS=0",
					"JucePlugin_Build_AAX=0",
					"JucePlugin_Build_Standalone=0",
					"JucePlugin_Build_Unity=0",
				);
				GCC_SYMBOLS_PRIVATE_EXTERN = YES;
				GCC_VERSION = com.apple.compilers.llvm.clang.1_0;
				GENERATE_PKGINFO_FILE = YES;
				HEADER_SEARCH_PATHS = (
					"../../depencies/VST3_SDK",
					"../../JuceLibraryCode",
					"../../JuceLibraryCode/modules",
					"../../JuceLibraryCode/modules/juce_audio_plugin_client",
					"$(inherited)",
				);
				INFOPLIST_FILE = Info-AU.plist;
				INFOPLIST_PREPROCESS = NO;
				INSTALL_PATH = "$(HOME)/Library/Audio/Plug-Ins/Components/";
				LIBRARY_STYLE = Bundle;
				LLVM_LTO = YES;
				MACOSX_DEPLOYMENT_TARGET = 10.11;
				OTHER_LDFLAGS = "-bundle -lsynthboy";
				OTHER_REZFLAGS = "-d ppc_$ppc -d i386_$i386 -d ppc64_$ppc64 -d x86_64_$x86_64 -I /System/Library/Frameworks/CoreServices.framework/Frameworks/CarbonCore.framework/Versions/A/Headers -I \"$(DEVELOPER_DIR)/Extras/CoreAudio/AudioUnits/AUPublic/AUBase\"";
				PRODUCT_BUNDLE_IDENTIFIER = com.EE400D.synthboy;
				PRODUCT_NAME = "synthboy";
				USE_HEADERMAP = NO;
				WRAPPER_EXTENSION = component;
			};
			name = Release;
		};
		77EDC535418F9AF6E1E016D4 = {
			isa = XCBuildConfiguration;
			buildSettings = {
				CLANG_CXX_LANGUAGE_STANDARD = "c++14";
				CLANG_CXX_LIBRARY = "libc++";
				CLANG_LINK_OBJC_RUNTIME = NO;
				COMBINE_HIDPI_IMAGES = YES;
				CONFIGURATION_BUILD_DIR = "$(PROJECT_DIR)/build/$(CONFIGURATION)";
				COPY_PHASE_STRIP = NO;
				GCC_DYNAMIC_NO_PIC = NO;
				GCC_OPTIMIZATION_LEVEL = 0;
				GCC_PREPROCESSOR_DEFINITIONS = (
					"_DEBUG=1",
					"DEBUG=1",
					"JUCER_XCODE_MAC_F6D2F4CF=1",
					"JUCE_APP_VERSION=1.0.0",
					"JUCE_APP_VERSION_HEX=0x10000",
					"JucePlugin_Build_VST=0",
					"JucePlugin_Build_VST3=0",
					"JucePlugin_Build_AU=0",
					"JucePlugin_Build_AUv3=0",
					"JucePlugin_Build_RTAS=0",
					"JucePlugin_Build_AAX=0",
					"JucePlugin_Build_Standalone=1",
					"JucePlugin_Build_Unity=0",
				);
				GCC_VERSION = com.apple.compilers.llvm.clang.1_0;
				HEADER_SEARCH_PATHS = (
					"../../depencies/VST3_SDK",
					"../../JuceLibraryCode",
					"../../JuceLibraryCode/modules",
					"../../JuceLibraryCode/modules/juce_audio_plugin_client",
					"$(inherited)",
				);
				INFOPLIST_FILE = Info-Standalone_Plugin.plist;
				INFOPLIST_PREPROCESS = NO;
				MACOSX_DEPLOYMENT_TARGET = 10.11;
				OTHER_LDFLAGS = "-lsynthboy";
				PRODUCT_BUNDLE_IDENTIFIER = com.EE400D.synthboy;
				PRODUCT_NAME = "synthboy";
				USE_HEADERMAP = NO;
			};
			name = Debug;
		};
		3BE55363983EC0992D3889AE = {
			isa = XCBuildConfiguration;
			buildSettings = {
				CLANG_CXX_LANGUAGE_STANDARD = "c++14";
				CLANG_CXX_LIBRARY = "libc++";
				CLANG_LINK_OBJC_RUNTIME = NO;
				COMBINE_HIDPI_IMAGES = YES;
				CONFIGURATION_BUILD_DIR = "$(PROJECT_DIR)/build/$(CONFIGURATION)";
				DEAD_CODE_STRIPPING = YES;
				GCC_GENERATE_DEBUGGING_SYMBOLS = NO;
				GCC_OPTIMIZATION_LEVEL = 3;
				GCC_PREPROCESSOR_DEFINITIONS = (
					"_NDEBUG=1",
					"NDEBUG=1",
					"JUCER_XCODE_MAC_F6D2F4CF=1",
					"JUCE_APP_VERSION=1.0.0",
					"JUCE_APP_VERSION_HEX=0x10000",
					"JucePlugin_Build_VST=0",
					"JucePlugin_Build_VST3=0",
					"JucePlugin_Build_AU=0",
					"JucePlugin_Build_AUv3=0",
					"JucePlugin_Build_RTAS=0",
					"JucePlugin_Build_AAX=0",
					"JucePlugin_Build_Standalone=1",
					"JucePlugin_Build_Unity=0",
				);
				GCC_SYMBOLS_PRIVATE_EXTERN = YES;
				GCC_VERSION = com.apple.compilers.llvm.clang.1_0;
				HEADER_SEARCH_PATHS = (
					"../../depencies/VST3_SDK",
					"../../JuceLibraryCode",
					"../../JuceLibraryCode/modules",
					"../../JuceLibraryCode/modules/juce_audio_plugin_client",
					"$(inherited)",
				);
				INFOPLIST_FILE = Info-Standalone_Plugin.plist;
				INFOPLIST_PREPROCESS = NO;
				LLVM_LTO = YES;
				MACOSX_DEPLOYMENT_TARGET = 10.11;
				OTHER_LDFLAGS = "-lsynthboy";
				PRODUCT_BUNDLE_IDENTIFIER = com.EE400D.synthboy;
				PRODUCT_NAME = "synthboy";
				USE_HEADERMAP = NO;
			};
			name = Release;
		};
		C5972AE976AFBC3282F5F334 = {
			isa = XCBuildConfiguration;
			buildSettings = {
				CLANG_CXX_LANGUAGE_STANDARD = "c++14";
				CLANG_CXX_LIBRARY = "libc++";
				CLANG_LINK_OBJC_RUNTIME = NO;
				COMBINE_HIDPI_IMAGES = YES;
				CONFIGURATION_BUILD_DIR = "$(PROJECT_DIR)/build/$(CONFIGURATION)";
				COPY_PHASE_STRIP = NO;
				GCC_DYNAMIC_NO_PIC = NO;
				GCC_OPTIMIZATION_LEVEL = 0;
				GCC_PREPROCESSOR_DEFINITIONS = (
					"_DEBUG=1",
					"DEBUG=1",
					"JUCER_XCODE_MAC_F6D2F4CF=1",
					"JUCE_APP_VERSION=1.0.0",
					"JUCE_APP_VERSION_HEX=0x10000",
					"JucePlugin_Build_VST=0",
					"JucePlugin_Build_VST3=1",
					"JucePlugin_Build_AU=1",
					"JucePlugin_Build_AUv3=0",
					"JucePlugin_Build_RTAS=0",
					"JucePlugin_Build_AAX=0",
					"JucePlugin_Build_Standalone=1",
					"JucePlugin_Build_Unity=0",
					"JUCE_SHARED_CODE=1",
				);
				GCC_VERSION = com.apple.compilers.llvm.clang.1_0;
				HEADER_SEARCH_PATHS = (
					"../../depencies/VST3_SDK",
					"../../JuceLibraryCode",
					"../../JuceLibraryCode/modules",
					"../../JuceLibraryCode/modules/juce_audio_plugin_client",
					"$(inherited)",
				);
				INSTALL_PATH = "@executable_path/../Frameworks";
				MACOSX_DEPLOYMENT_TARGET = 10.11;
				PRODUCT_BUNDLE_IDENTIFIER = com.EE400D.synthboy;
				PRODUCT_NAME = "synthboy";
				SKIP_INSTALL = YES;
				USE_HEADERMAP = NO;
			};
			name = Debug;
		};
		D3D2943CDBEB98257ACA1C4E = {
			isa = XCBuildConfiguration;
			buildSettings = {
				CLANG_CXX_LANGUAGE_STANDARD = "c++14";
				CLANG_CXX_LIBRARY = "libc++";
				CLANG_LINK_OBJC_RUNTIME = NO;
				COMBINE_HIDPI_IMAGES = YES;
				CONFIGURATION_BUILD_DIR = "$(PROJECT_DIR)/build/$(CONFIGURATION)";
				DEAD_CODE_STRIPPING = YES;
				GCC_GENERATE_DEBUGGING_SYMBOLS = NO;
				GCC_OPTIMIZATION_LEVEL = 3;
				GCC_PREPROCESSOR_DEFINITIONS = (
					"_NDEBUG=1",
					"NDEBUG=1",
					"JUCER_XCODE_MAC_F6D2F4CF=1",
					"JUCE_APP_VERSION=1.0.0",
					"JUCE_APP_VERSION_HEX=0x10000",
					"JucePlugin_Build_VST=0",
					"JucePlugin_Build_VST3=1",
					"JucePlugin_Build_AU=1",
					"JucePlugin_Build_AUv3=0",
					"JucePlugin_Build_RTAS=0",
					"JucePlugin_Build_AAX=0",
					"JucePlugin_Build_Standalone=1",
					"JucePlugin_Build_Unity=0",
					"JUCE_SHARED_CODE=1",
				);
				GCC_SYMBOLS_PRIVATE_EXTERN = YES;
				GCC_VERSION = com.apple.compilers.llvm.clang.1_0;
				HEADER_SEARCH_PATHS = (
					"../../depencies/VST3_SDK",
					"../../JuceLibraryCode",
					"../../JuceLibraryCode/modules",
					"../../JuceLibraryCode/modules/juce_audio_plugin_client",
					"$(inherited)",
				);
				INSTALL_PATH = "@executable_path/../Frameworks";
				LLVM_LTO = YES;
				MACOSX_DEPLOYMENT_TARGET = 10.11;
				PRODUCT_BUNDLE_IDENTIFIER = com.EE400D.synthboy;
				PRODUCT_NAME = "synthboy";
				SKIP_INSTALL = YES;
				USE_HEADERMAP = NO;
			};
			name = Release;
		};
		959BD9DA11981992FFC897E7 = {
			isa = XCBuildConfiguration;
			buildSettings = {
				ALWAYS_SEARCH_USER_PATHS = NO;
				CLANG_ENABLE_OBJC_WEAK = YES;
				CLANG_WARN_BLOCK_CAPTURE_AUTORELEASING = YES;
				CLANG_WARN_BOOL_CONVERSION = YES;
				CLANG_WARN_COMMA = YES;
				CLANG_WARN_CONSTANT_CONVERSION = YES;
				CLANG_WARN_DEPRECATED_OBJC_IMPLEMENTATIONS = YES;
				CLANG_WARN_EMPTY_BODY = YES;
				CLANG_WARN_ENUM_CONVERSION = YES;
				CLANG_WARN_INFINITE_RECURSION = YES;
				CLANG_WARN_INT_CONVERSION = YES;
				CLANG_WARN_NON_LITERAL_NULL_CONVERSION = YES;
				CLANG_WARN_OBJC_IMPLICIT_RETAIN_SELF = YES;
				CLANG_WARN_OBJC_LITERAL_CONVERSION = YES;
				CLANG_WARN_RANGE_LOOP_ANALYSIS = YES;
				CLANG_WARN_STRICT_PROTOTYPES = YES;
				CLANG_WARN_SUSPICIOUS_MOVE = YES;
				CLANG_WARN_UNREACHABLE_CODE = YES;
				CLANG_WARN__DUPLICATE_METHOD_MATCH = YES;
				DEBUG_INFORMATION_FORMAT = "dwarf";
				ENABLE_STRICT_OBJC_MSGSEND = YES;
				ENABLE_TESTABILITY = YES;
				GCC_C_LANGUAGE_STANDARD = c11;
				GCC_INLINES_ARE_PRIVATE_EXTERN = YES;
				GCC_MODEL_TUNING = G5;
				GCC_NO_COMMON_BLOCKS = YES;
				GCC_WARN_64_TO_32_BIT_CONVERSION = YES;
				GCC_WARN_ABOUT_RETURN_TYPE = YES;
				GCC_WARN_CHECK_SWITCH_STATEMENTS = YES;
				GCC_WARN_MISSING_PARENTHESES = YES;
				GCC_WARN_NON_VIRTUAL_DESTRUCTOR = YES;
				GCC_WARN_TYPECHECK_CALLS_TO_PRINTF = YES;
				GCC_WARN_UNDECLARED_SELECTOR = YES;
				GCC_WARN_UNINITIALIZED_AUTOS = YES;
				GCC_WARN_UNUSED_FUNCTION = YES;
				GCC_WARN_UNUSED_VARIABLE = YES;
				ONLY_ACTIVE_ARCH = YES;
				PRODUCT_NAME = "synthboy";
				WARNING_CFLAGS = -Wreorder;
				ZERO_LINK = NO;
			};
			name = Debug;
		};
		A8B09FEAD5AD8F81849BD8EA = {
			isa = XCBuildConfiguration;
			buildSettings = {
				ALWAYS_SEARCH_USER_PATHS = NO;
				CLANG_ENABLE_OBJC_WEAK = YES;
				CLANG_WARN_BLOCK_CAPTURE_AUTORELEASING = YES;
				CLANG_WARN_BOOL_CONVERSION = YES;
				CLANG_WARN_COMMA = YES;
				CLANG_WARN_CONSTANT_CONVERSION = YES;
				CLANG_WARN_DEPRECATED_OBJC_IMPLEMENTATIONS = YES;
				CLANG_WARN_EMPTY_BODY = YES;
				CLANG_WARN_ENUM_CONVERSION = YES;
				CLANG_WARN_INFINITE_RECURSION = YES;
				CLANG_WARN_INT_CONVERSION = YES;
				CLANG_WARN_NON_LITERAL_NULL_CONVERSION = YES;
				CLANG_WARN_OBJC_IMPLICIT_RETAIN_SELF = YES;
				CLANG_WARN_OBJC_LITERAL_CONVERSION = YES;
				CLANG_WARN_RANGE_LOOP_ANALYSIS = YES;
				CLANG_WARN_STRICT_PROTOTYPES = YES;
				CLANG_WARN_SUSPICIOUS_MOVE = YES;
				CLANG_WARN_UNREACHABLE_CODE = YES;
				CLANG_WARN__DUPLICATE_METHOD_MATCH = YES;
				DEBUG_INFORMATION_FORMAT = "dwarf";
				ENABLE_STRICT_OBJC_MSGSEND = YES;
				GCC_C_LANGUAGE_STANDARD = c11;
				GCC_INLINES_ARE_PRIVATE_EXTERN = YES;
				GCC_MODEL_TUNING = G5;
				GCC_NO_COMMON_BLOCKS = YES;
				GCC_WARN_64_TO_32_BIT_CONVERSION = YES;
				GCC_WARN_ABOUT_RETURN_TYPE = YES;
				GCC_WARN_CHECK_SWITCH_STATEMENTS = YES;
				GCC_WARN_MISSING_PARENTHESES = YES;
				GCC_WARN_NON_VIRTUAL_DESTRUCTOR = YES;
				GCC_WARN_TYPECHECK_CALLS_TO_PRINTF = YES;
				GCC_WARN_UNDECLARED_SELECTOR = YES;
				GCC_WARN_UNINITIALIZED_AUTOS = YES;
				GCC_WARN_UNUSED_FUNCTION = YES;
				GCC_WARN_UNUSED_VARIABLE = YES;
				PRODUCT_NAME = "synthboy";
				WARNING_CFLAGS = -Wreorder;
				ZERO_LINK = NO;
			};
			name = Release;
		};
		D5C5FAF6E2541516BB0BDDC7 = {
			isa = PBXTargetDependency;
			target = 49C2B5CCEB495D03DFE97822;
		};
		D647DE247E990119D79E7F3E = {
			isa = PBXTargetDependency;
			target = 1C8099F859360E961A7A47B9;
		};
		932C4F14397D88FDDAD77F99 = {
			isa = PBXTargetDependency;
			target = 8D4C5F3FFFE154AF3C953043;
		};
		3E097EE11D251AE7D8AE122E = {
			isa = PBXTargetDependency;
			target = 6C6524A55BD1DAF348017780;
		};
		0908C8F09A8899923B114579 = {
			isa = XCConfigurationList;
			buildConfigurations = (
				959BD9DA11981992FFC897E7,
				A8B09FEAD5AD8F81849BD8EA,
			);
			defaultConfigurationIsVisible = 0;
			defaultConfigurationName = Debug;
		};
		BA662FEB5DA49440EFB437B0 = {
			isa = XCConfigurationList;
			buildConfigurations = (
				889EC73A8E29D40B53BD4A66,
				DD643177B1B09194EAF0D0DF,
			);
			defaultConfigurationIsVisible = 0;
			defaultConfigurationName = Debug;
		};
		5B5B4C9BB5CC98097B0BFA0B = {
			isa = PBXAggregateTarget;
			buildConfigurationList = BA662FEB5DA49440EFB437B0;
			buildPhases = ( );
			buildRules = ( );
			dependencies = (
				D5C5FAF6E2541516BB0BDDC7,
				D647DE247E990119D79E7F3E,
				932C4F14397D88FDDAD77F99,
				3E097EE11D251AE7D8AE122E,
			);
			name = "synthboy - All";
			productName = synthboy;
		};
		1EDF28384CB431F7BE8EF863 = {
			isa = XCConfigurationList;
			buildConfigurations = (
				A1C1C85ED8CB811B03CB4881,
				463B8A53263E10427866B646,
			);
			defaultConfigurationIsVisible = 0;
			defaultConfigurationName = Debug;
		};
		921A1584356126AEF455990A = {
			isa = PBXResourcesBuildPhase;
			buildActionMask = 2147483647;
			files = (
				B133735BC3314F3FC30C4414,
			);
			runOnlyForDeploymentPostprocessing = 0;
		};
		23206C0FA43E84194B8FC997 = {
			isa = PBXSourcesBuildPhase;
			buildActionMask = 2147483647;
			files = (
				3C21AF3B38692AEC6C142A40,
			);
			runOnlyForDeploymentPostprocessing = 0;
		};
		7AD2A943FE5C6B5B277DA2EB = {
			isa = PBXFrameworksBuildPhase;
			buildActionMask = 2147483647;
			files = (
				7710BF8EBA51B1E1EE3471A1,
				1BE32175E16F839926396820,
				91BC4B4D512C1DEB4127675D,
				631A7C35515416EE8E225854,
				025CC6A48816512CA1B2514A,
				9F641F4A448324FBDCF19442,
				71EC010994B6A6AD26719667,
				B5DCAF0152655ADAFD42D781,
				E0747EAC3ECEC19A08A56231,
				E3375AD4C7A64E13C207574B,
				CEF0259D22DC901154886433,
			);
			runOnlyForDeploymentPostprocessing = 0;
		};
		49C2B5CCEB495D03DFE97822 = {
			isa = PBXNativeTarget;
			buildConfigurationList = 1EDF28384CB431F7BE8EF863;
			buildPhases = (
				921A1584356126AEF455990A,
				23206C0FA43E84194B8FC997,
				7AD2A943FE5C6B5B277DA2EB,
			);
			buildRules = ( );
			dependencies = (
				3E097EE11D251AE7D8AE122E,
			);
			name = "synthboy - VST3";
			productName = synthboy;
			productReference = 7DFEDFA5823DFC3AC750FE38;
			productType = "com.apple.product-type.bundle";
		};
		0F52FA1C9039BAF0287FB04D = {
			isa = XCConfigurationList;
			buildConfigurations = (
				F12FCF4E00647F61D815457F,
				92F6621B1D8756DE896E0218,
			);
			defaultConfigurationIsVisible = 0;
			defaultConfigurationName = Debug;
		};
		C50C8E943270665FE9951054 = {
			isa = PBXResourcesBuildPhase;
			buildActionMask = 2147483647;
			files = (
				B133735BC3314F3FC30C4414,
			);
			runOnlyForDeploymentPostprocessing = 0;
		};
		EEAA1953DEA9278E39131ED9 = {
			isa = PBXRezBuildPhase;
			buildActionMask = 2147483647;
			files = (
				50FCFA3B1891F17B17337587,
			);
			runOnlyForDeploymentPostprocessing = 0;
		};
		7443A8AFDC49E92B9FBBA199 = {
			isa = PBXSourcesBuildPhase;
			buildActionMask = 2147483647;
			files = (
				82D8DF6938C15491C41AB5A7,
				2A8FEBA7ED7E80ED69AEC5D0,
			);
			runOnlyForDeploymentPostprocessing = 0;
		};
		983C30644971757E72B72216 = {
			isa = PBXFrameworksBuildPhase;
			buildActionMask = 2147483647;
			files = (
				7710BF8EBA51B1E1EE3471A1,
				1BE32175E16F839926396820,
				E747883D75323C74C0E1A4CF,
				91BC4B4D512C1DEB4127675D,
				631A7C35515416EE8E225854,
				025CC6A48816512CA1B2514A,
				3CC8D7727507203E9A7F3531,
				9F641F4A448324FBDCF19442,
				71EC010994B6A6AD26719667,
				B5DCAF0152655ADAFD42D781,
				E0747EAC3ECEC19A08A56231,
				E3375AD4C7A64E13C207574B,
				CEF0259D22DC901154886433,
			);
			runOnlyForDeploymentPostprocessing = 0;
		};
		1C8099F859360E961A7A47B9 = {
			isa = PBXNativeTarget;
			buildConfigurationList = 0F52FA1C9039BAF0287FB04D;
			buildPhases = (
				C50C8E943270665FE9951054,
				EEAA1953DEA9278E39131ED9,
				7443A8AFDC49E92B9FBBA199,
				983C30644971757E72B72216,
			);
			buildRules = ( );
			dependencies = (
				3E097EE11D251AE7D8AE122E,
			);
			name = "synthboy - AU";
			productName = synthboy;
			productReference = 93538AC94652077943A6F0E2;
			productType = "com.apple.product-type.bundle";
		};
		50CB5A7E4711A0DF20131EE4 = {
			isa = XCConfigurationList;
			buildConfigurations = (
				77EDC535418F9AF6E1E016D4,
				3BE55363983EC0992D3889AE,
			);
			defaultConfigurationIsVisible = 0;
			defaultConfigurationName = Debug;
		};
		4874F43CF3FE0D087609DD11 = {
			isa = PBXResourcesBuildPhase;
			buildActionMask = 2147483647;
			files = (
				B133735BC3314F3FC30C4414,
			);
			runOnlyForDeploymentPostprocessing = 0;
		};
		E918B4CD2D95EDB63CCE2755 = {
			isa = PBXSourcesBuildPhase;
			buildActionMask = 2147483647;
			files = (
				80441D13F4ACDECC998BE220,
			);
			runOnlyForDeploymentPostprocessing = 0;
		};
		6F68C59300D284AFCE663713 = {
			isa = PBXFrameworksBuildPhase;
			buildActionMask = 2147483647;
			files = (
				7710BF8EBA51B1E1EE3471A1,
				1BE32175E16F839926396820,
				91BC4B4D512C1DEB4127675D,
				631A7C35515416EE8E225854,
				025CC6A48816512CA1B2514A,
				9F641F4A448324FBDCF19442,
				71EC010994B6A6AD26719667,
				B5DCAF0152655ADAFD42D781,
				E0747EAC3ECEC19A08A56231,
				E3375AD4C7A64E13C207574B,
				CEF0259D22DC901154886433,
			);
			runOnlyForDeploymentPostprocessing = 0;
		};
		8D4C5F3FFFE154AF3C953043 = {
			isa = PBXNativeTarget;
			buildConfigurationList = 50CB5A7E4711A0DF20131EE4;
			buildPhases = (
				4874F43CF3FE0D087609DD11,
				E918B4CD2D95EDB63CCE2755,
				6F68C59300D284AFCE663713,
			);
			buildRules = ( );
			dependencies = (
				3E097EE11D251AE7D8AE122E,
			);
			name = "synthboy - Standalone Plugin";
			productName = synthboy;
			productReference = 717926839E77451E5ABFF345;
			productType = "com.apple.product-type.application";
		};
		92C1A8F37C9810429DD1F0B4 = {
			isa = XCConfigurationList;
			buildConfigurations = (
				C5972AE976AFBC3282F5F334,
				D3D2943CDBEB98257ACA1C4E,
			);
			defaultConfigurationIsVisible = 0;
			defaultConfigurationName = Debug;
		};
		EF200E09572A07B18A1798EC = {
			isa = PBXSourcesBuildPhase;
			buildActionMask = 2147483647;
			files = (
				5C5FF1DE69337D4DE10C6563,
				442B1E1694ABE0C655A9CCCE,
				8C807E4718DB77EF18E0131D,
				1ED404C82F6F912FDA3F3006,
				DDA89D6BEF2722E5740EE509,
				6D24FCCEBE531E82A05CB559,
				735B78E5B9EE97C384B0EB0F,
				63A8E620088761471659A8A0,
				BCC8283A10E6141AFD0EDD46,
				A23025C3BC81968D75981431,
				77BF5FEFEDF77D2A83D32EC2,
				FCB41AD3B20410251BB81CF3,
				FDD6A5162D67667203386E58,
				DADBA3006378C118EF9DA36E,
				5B61F914B30448FBFEABBF06,
				CC1EBE3DA6401EAAFE174063,
				738D7245B4FBC6055DC0CFDB,
			);
			runOnlyForDeploymentPostprocessing = 0;
		};
		6C6524A55BD1DAF348017780 = {
			isa = PBXNativeTarget;
			buildConfigurationList = 92C1A8F37C9810429DD1F0B4;
			buildPhases = (
				EF200E09572A07B18A1798EC,
			);
			buildRules = ( );
			dependencies = ( );
			name = "synthboy - Shared Code";
			productName = synthboy;
			productReference = E9CD9C47172C5E80AEF57607;
			productType = "com.apple.product-type.library.static";
		};
		290739A1E52FBF7774867A61 = {
			isa = PBXProject;
			buildConfigurationList = 0908C8F09A8899923B114579;
			attributes = { LastUpgradeCheck = 0930; ORGANIZATIONNAME = "EE 400D"; TargetAttributes = { 5B5B4C9BB5CC98097B0BFA0B = { SystemCapabilities = {com.apple.ApplicationGroups.iOS = { enabled = 0; }; com.apple.InAppPurchase = { enabled = 0; }; com.apple.InterAppAudio = { enabled = 0; }; com.apple.Push = { enabled = 0; }; com.apple.Sandbox = { enabled = 0; }; }; };49C2B5CCEB495D03DFE97822 = { SystemCapabilities = {com.apple.ApplicationGroups.iOS = { enabled = 0; }; com.apple.InAppPurchase = { enabled = 0; }; com.apple.InterAppAudio = { enabled = 0; }; com.apple.Push = { enabled = 0; }; com.apple.Sandbox = { enabled = 0; }; }; };1C8099F859360E961A7A47B9 = { SystemCapabilities = {com.apple.ApplicationGroups.iOS = { enabled = 0; }; com.apple.InAppPurchase = { enabled = 0; }; com.apple.InterAppAudio = { enabled = 0; }; com.apple.Push = { enabled = 0; }; com.apple.Sandbox = { enabled = 0; }; }; };8D4C5F3FFFE154AF3C953043 = { SystemCapabilities = {com.apple.ApplicationGroups.iOS = { enabled = 0; }; com.apple.InAppPurchase = { enabled = 0; }; com.apple.InterAppAudio = { enabled = 0; }; com.apple.Push = { enabled = 0; }; com.apple.Sandbox = { enabled = 0; }; }; };6C6524A55BD1DAF348017780 = { SystemCapabilities = {com.apple.ApplicationGroups.iOS = { enabled = 0; }; com.apple.InAppPurchase = { enabled = 0; }; com.apple.InterAppAudio = { enabled = 0; }; com.apple.Push = { enabled = 0; }; com.apple.Sandbox = { enabled = 0; }; }; }; }; };
			compatibilityVersion = "Xcode 3.2";
			hasScannedForEncodings = 0;
			mainGroup = D483C51AAD91DA5779CF06D5;
			projectDirPath = "";
			projectRoot = "";
			targets = (5B5B4C9BB5CC98097B0BFA0B, 49C2B5CCEB495D03DFE97822, 1C8099F859360E961A7A47B9, 8D4C5F3FFFE154AF3C953043, 6C6524A55BD1DAF348017780);
		};
	};
	rootObject = 290739A1E52FBF7774867A61;
}
